// !$*UTF8*$!
{
	archiveVersion = 1;
	classes = {
	};
	objectVersion = 46;
	objects = {

/* Begin PBXBuildFile section */
		531180341B2AD3A00076A7D6 /* MemberSettings.m in Sources */ = {isa = PBXBuildFile; fileRef = 531180331B2AD3A00076A7D6 /* MemberSettings.m */; };
		531F70BC1B1710E800C48478 /* CustomButton.m in Sources */ = {isa = PBXBuildFile; fileRef = 531F70BB1B1710E800C48478 /* CustomButton.m */; };
		533A292D1B25853400CB422A /* DDPageControl.m in Sources */ = {isa = PBXBuildFile; fileRef = 533A292C1B25853400CB422A /* DDPageControl.m */; };
		533A29361B258BAD00CB422A /* bg_btn_slide_down_active@2x.png in Resources */ = {isa = PBXBuildFile; fileRef = 533A292E1B258BAD00CB422A /* bg_btn_slide_down_active@2x.png */; };
		533A29371B258BAD00CB422A /* bg_btn_slide_down_active@3x.png in Resources */ = {isa = PBXBuildFile; fileRef = 533A292F1B258BAD00CB422A /* bg_btn_slide_down_active@3x.png */; };
		533A29381B258BAD00CB422A /* bg_btn_slide_down@2x.png in Resources */ = {isa = PBXBuildFile; fileRef = 533A29301B258BAD00CB422A /* bg_btn_slide_down@2x.png */; };
		533A29391B258BAD00CB422A /* bg_btn_slide_down@3x.png in Resources */ = {isa = PBXBuildFile; fileRef = 533A29311B258BAD00CB422A /* bg_btn_slide_down@3x.png */; };
		533A293A1B258BAD00CB422A /* bg_btn_slide_up_active@2x.png in Resources */ = {isa = PBXBuildFile; fileRef = 533A29321B258BAD00CB422A /* bg_btn_slide_up_active@2x.png */; };
		533A293B1B258BAD00CB422A /* bg_btn_slide_up_active@3x.png in Resources */ = {isa = PBXBuildFile; fileRef = 533A29331B258BAD00CB422A /* bg_btn_slide_up_active@3x.png */; };
		533A293C1B258BAD00CB422A /* bg_btn_slide_up@2x.png in Resources */ = {isa = PBXBuildFile; fileRef = 533A29341B258BAD00CB422A /* bg_btn_slide_up@2x.png */; };
		533A293D1B258BAD00CB422A /* bg_btn_slide_up@3x.png in Resources */ = {isa = PBXBuildFile; fileRef = 533A29351B258BAD00CB422A /* bg_btn_slide_up@3x.png */; };
		534B51321B20333C001FAD9A /* bg_tbl_cell_gray_line@2x.png in Resources */ = {isa = PBXBuildFile; fileRef = 534B51221B20333B001FAD9A /* bg_tbl_cell_gray_line@2x.png */; };
		534B51331B20333C001FAD9A /* bg_tbl_cell_gray_line@3x.png in Resources */ = {isa = PBXBuildFile; fileRef = 534B51231B20333C001FAD9A /* bg_tbl_cell_gray_line@3x.png */; };
		534B51341B20333C001FAD9A /* bg_tbl_cell_gray@2x.png in Resources */ = {isa = PBXBuildFile; fileRef = 534B51241B20333C001FAD9A /* bg_tbl_cell_gray@2x.png */; };
		534B51351B20333C001FAD9A /* bg_tbl_cell_gray@3x.png in Resources */ = {isa = PBXBuildFile; fileRef = 534B51251B20333C001FAD9A /* bg_tbl_cell_gray@3x.png */; };
		534B51361B20333C001FAD9A /* bg_tbl_cell_white_line@2x.png in Resources */ = {isa = PBXBuildFile; fileRef = 534B51261B20333C001FAD9A /* bg_tbl_cell_white_line@2x.png */; };
		534B51371B20333C001FAD9A /* bg_tbl_cell_white_line@3x.png in Resources */ = {isa = PBXBuildFile; fileRef = 534B51271B20333C001FAD9A /* bg_tbl_cell_white_line@3x.png */; };
		534B51381B20333C001FAD9A /* bg_tbl_cell_white@2x.png in Resources */ = {isa = PBXBuildFile; fileRef = 534B51281B20333C001FAD9A /* bg_tbl_cell_white@2x.png */; };
		534B51391B20333C001FAD9A /* bg_tbl_cell_white@3x.png in Resources */ = {isa = PBXBuildFile; fileRef = 534B51291B20333C001FAD9A /* bg_tbl_cell_white@3x.png */; };
		534B513A1B20333C001FAD9A /* bg_tbl_section_blue@2x.png in Resources */ = {isa = PBXBuildFile; fileRef = 534B512A1B20333C001FAD9A /* bg_tbl_section_blue@2x.png */; };
		534B513B1B20333C001FAD9A /* bg_tbl_section_blue@3x.png in Resources */ = {isa = PBXBuildFile; fileRef = 534B512B1B20333C001FAD9A /* bg_tbl_section_blue@3x.png */; };
		534B513C1B20333C001FAD9A /* bg_tbl_section_green@2x.png in Resources */ = {isa = PBXBuildFile; fileRef = 534B512C1B20333C001FAD9A /* bg_tbl_section_green@2x.png */; };
		534B513D1B20333C001FAD9A /* bg_tbl_section_green@3x.png in Resources */ = {isa = PBXBuildFile; fileRef = 534B512D1B20333C001FAD9A /* bg_tbl_section_green@3x.png */; };
		534B513E1B20333C001FAD9A /* ic_page_active@2x.png in Resources */ = {isa = PBXBuildFile; fileRef = 534B512E1B20333C001FAD9A /* ic_page_active@2x.png */; };
		534B513F1B20333C001FAD9A /* ic_page_active@3x.png in Resources */ = {isa = PBXBuildFile; fileRef = 534B512F1B20333C001FAD9A /* ic_page_active@3x.png */; };
		534B51401B20333C001FAD9A /* ic_page@2x.png in Resources */ = {isa = PBXBuildFile; fileRef = 534B51301B20333C001FAD9A /* ic_page@2x.png */; };
		534B51411B20333C001FAD9A /* ic_page@3x.png in Resources */ = {isa = PBXBuildFile; fileRef = 534B51311B20333C001FAD9A /* ic_page@3x.png */; };
		534B51441B203B40001FAD9A /* CustomDotPageControl.m in Sources */ = {isa = PBXBuildFile; fileRef = 534B51431B203B40001FAD9A /* CustomDotPageControl.m */; };
		534B51471B204446001FAD9A /* ic_plus@2x.png in Resources */ = {isa = PBXBuildFile; fileRef = 534B51451B204446001FAD9A /* ic_plus@2x.png */; };
		534B51481B204446001FAD9A /* ic_plus@3x.png in Resources */ = {isa = PBXBuildFile; fileRef = 534B51461B204446001FAD9A /* ic_plus@3x.png */; };
		534B514B1B204457001FAD9A /* ic_back_arrow@2x.png in Resources */ = {isa = PBXBuildFile; fileRef = 534B51491B204457001FAD9A /* ic_back_arrow@2x.png */; };
		534B514C1B204457001FAD9A /* ic_back_arrow@3x.png in Resources */ = {isa = PBXBuildFile; fileRef = 534B514A1B204457001FAD9A /* ic_back_arrow@3x.png */; };
		534B51571B20BCBA001FAD9A /* ChatTableViewCell.m in Sources */ = {isa = PBXBuildFile; fileRef = 534B51561B20BCBA001FAD9A /* ChatTableViewCell.m */; };
		534B51601B219A08001FAD9A /* bg_chat@2x.png in Resources */ = {isa = PBXBuildFile; fileRef = 534B515E1B219A08001FAD9A /* bg_chat@2x.png */; };
		534B51611B219A08001FAD9A /* bg_chat@3x.png in Resources */ = {isa = PBXBuildFile; fileRef = 534B515F1B219A08001FAD9A /* bg_chat@3x.png */; };
		534B51641B219DCD001FAD9A /* ChatRightTableViewCell.m in Sources */ = {isa = PBXBuildFile; fileRef = 534B51631B219DCD001FAD9A /* ChatRightTableViewCell.m */; };
		536FF29E1B1858AF00D3561A /* Quickblox.framework in Frameworks */ = {isa = PBXBuildFile; fileRef = 536FF29D1B1858AF00D3561A /* Quickblox.framework */; };
		536FF2A01B18650A00D3561A /* libxml2.dylib in Frameworks */ = {isa = PBXBuildFile; fileRef = 536FF29F1B18650A00D3561A /* libxml2.dylib */; };
		536FF2A21B18655000D3561A /* libz.dylib in Frameworks */ = {isa = PBXBuildFile; fileRef = 536FF2A11B18655000D3561A /* libz.dylib */; };
		536FF2A41B1865DF00D3561A /* libresolv.dylib in Frameworks */ = {isa = PBXBuildFile; fileRef = 536FF2A31B1865DF00D3561A /* libresolv.dylib */; };
		536FF2A61B1866F600D3561A /* CFNetwork.framework in Frameworks */ = {isa = PBXBuildFile; fileRef = 536FF2A51B1866F600D3561A /* CFNetwork.framework */; };
		536FF2A81B18675400D3561A /* MobileCoreServices.framework in Frameworks */ = {isa = PBXBuildFile; fileRef = 536FF2A71B18675400D3561A /* MobileCoreServices.framework */; };
		536FF2AA1B18676600D3561A /* CoreGraphics.framework in Frameworks */ = {isa = PBXBuildFile; fileRef = 536FF2A91B18676600D3561A /* CoreGraphics.framework */; };
		536FF2AC1B18677400D3561A /* CoreData.framework in Frameworks */ = {isa = PBXBuildFile; fileRef = 536FF2AB1B18677400D3561A /* CoreData.framework */; };
		536FF2AE1B18677F00D3561A /* AudioToolbox.framework in Frameworks */ = {isa = PBXBuildFile; fileRef = 536FF2AD1B18677F00D3561A /* AudioToolbox.framework */; };
		536FF2B01B18678D00D3561A /* AVFoundation.framework in Frameworks */ = {isa = PBXBuildFile; fileRef = 536FF2AF1B18678D00D3561A /* AVFoundation.framework */; };
		536FF2B21B18679900D3561A /* Security.framework in Frameworks */ = {isa = PBXBuildFile; fileRef = 536FF2B11B18679900D3561A /* Security.framework */; };
		536FF2B41B1867BA00D3561A /* CoreMedia.framework in Frameworks */ = {isa = PBXBuildFile; fileRef = 536FF2B31B1867BA00D3561A /* CoreMedia.framework */; };
		536FF2B61B1867C600D3561A /* Accelerate.framework in Frameworks */ = {isa = PBXBuildFile; fileRef = 536FF2B51B1867C600D3561A /* Accelerate.framework */; };
		536FF2B81B1867D400D3561A /* QuartzCore.framework in Frameworks */ = {isa = PBXBuildFile; fileRef = 536FF2B71B1867D400D3561A /* QuartzCore.framework */; };
		536FF2BA1B18684800D3561A /* SystemConfiguration.framework in Frameworks */ = {isa = PBXBuildFile; fileRef = 536FF2B91B18684800D3561A /* SystemConfiguration.framework */; };
		536FF2BC1B18690000D3561A /* CoreVideo.framework in Frameworks */ = {isa = PBXBuildFile; fileRef = 536FF2BB1B18690000D3561A /* CoreVideo.framework */; };
		536FF2BF1B18E44400D3561A /* PlaceSearchViewController.m in Sources */ = {isa = PBXBuildFile; fileRef = 536FF2BE1B18E44400D3561A /* PlaceSearchViewController.m */; };
		53820F631B17934C00F4EE3B /* MemberInfo.m in Sources */ = {isa = PBXBuildFile; fileRef = 53820F621B17934C00F4EE3B /* MemberInfo.m */; };
		5384D5C11B0C9321009B6CD3 /* main.m in Sources */ = {isa = PBXBuildFile; fileRef = 5384D5C01B0C9321009B6CD3 /* main.m */; };
		5384D5C41B0C9321009B6CD3 /* AppDelegate.m in Sources */ = {isa = PBXBuildFile; fileRef = 5384D5C31B0C9321009B6CD3 /* AppDelegate.m */; };
		5384D5C61B0C9321009B6CD3 /* Images.xcassets in Resources */ = {isa = PBXBuildFile; fileRef = 5384D5C51B0C9321009B6CD3 /* Images.xcassets */; };
		5384D5D51B0C9321009B6CD3 /* SportsAppTests.m in Sources */ = {isa = PBXBuildFile; fileRef = 5384D5D41B0C9321009B6CD3 /* SportsAppTests.m */; };
		5390F1561B28452A00B02775 /* bg_chat_message@2x.png in Resources */ = {isa = PBXBuildFile; fileRef = 5390F1501B28452A00B02775 /* bg_chat_message@2x.png */; };
		5390F1571B28452A00B02775 /* bg_chat_message@3x.png in Resources */ = {isa = PBXBuildFile; fileRef = 5390F1511B28452A00B02775 /* bg_chat_message@3x.png */; };
		5390F15C1B28454A00B02775 /* bg_chat_right_message@2x.png in Resources */ = {isa = PBXBuildFile; fileRef = 5390F15A1B28454A00B02775 /* bg_chat_right_message@2x.png */; };
		5390F15D1B28454A00B02775 /* bg_chat_right_message@3x.png in Resources */ = {isa = PBXBuildFile; fileRef = 5390F15B1B28454A00B02775 /* bg_chat_right_message@3x.png */; };
		5390F1601B28890400B02775 /* ic_avatar@2x.png in Resources */ = {isa = PBXBuildFile; fileRef = 5390F15E1B28890400B02775 /* ic_avatar@2x.png */; };
		5390F1611B28890400B02775 /* ic_avatar@3x.png in Resources */ = {isa = PBXBuildFile; fileRef = 5390F15F1B28890400B02775 /* ic_avatar@3x.png */; };
		5390F1651B28968400B02775 /* ZSNetManager.m in Sources */ = {isa = PBXBuildFile; fileRef = 5390F1641B28968400B02775 /* ZSNetManager.m */; };
		5390F1681B2896AA00B02775 /* Reachability.m in Sources */ = {isa = PBXBuildFile; fileRef = 5390F1671B2896AA00B02775 /* Reachability.m */; };
		5390F16B1B289A1800B02775 /* bg_chat_right_message_ellipse@2x.png in Resources */ = {isa = PBXBuildFile; fileRef = 5390F1691B289A1800B02775 /* bg_chat_right_message_ellipse@2x.png */; };
		5390F16C1B289A1800B02775 /* bg_chat_right_message_ellipse@3x.png in Resources */ = {isa = PBXBuildFile; fileRef = 5390F16A1B289A1800B02775 /* bg_chat_right_message_ellipse@3x.png */; };
		5390F16F1B289A3100B02775 /* bg_chat_message_ellipse@2x.png in Resources */ = {isa = PBXBuildFile; fileRef = 5390F16D1B289A3100B02775 /* bg_chat_message_ellipse@2x.png */; };
		5390F1701B289A3100B02775 /* bg_chat_message_ellipse@3x.png in Resources */ = {isa = PBXBuildFile; fileRef = 5390F16E1B289A3100B02775 /* bg_chat_message_ellipse@3x.png */; };
		5390F1731B289C3E00B02775 /* NewGame.m in Sources */ = {isa = PBXBuildFile; fileRef = 5390F1721B289C3E00B02775 /* NewGame.m */; };
		5390F1761B289DD300B02775 /* AppNetHelper.m in Sources */ = {isa = PBXBuildFile; fileRef = 5390F1751B289DD300B02775 /* AppNetHelper.m */; };
		5390F1791B289EC200B02775 /* MBProgressHUD.m in Sources */ = {isa = PBXBuildFile; fileRef = 5390F1781B289EC200B02775 /* MBProgressHUD.m */; };
		53B994D41B0D076F00558169 /* GamesListViewController.m in Sources */ = {isa = PBXBuildFile; fileRef = 53B994D31B0D076F00558169 /* GamesListViewController.m */; };
		53B994D71B0D078900558169 /* LoginViewController.m in Sources */ = {isa = PBXBuildFile; fileRef = 53B994D61B0D078900558169 /* LoginViewController.m */; };
		53B994DE1B0D086600558169 /* UIColor+Helper.m in Sources */ = {isa = PBXBuildFile; fileRef = 53B994DD1B0D086600558169 /* UIColor+Helper.m */; };
		53B994E51B0D0C3200558169 /* GamesListTableViewCell.m in Sources */ = {isa = PBXBuildFile; fileRef = 53B994E31B0D0C3200558169 /* GamesListTableViewCell.m */; };
		53B994EA1B0D0F5F00558169 /* GameInfo.m in Sources */ = {isa = PBXBuildFile; fileRef = 53B994E91B0D0F5F00558169 /* GameInfo.m */; };
		53DCC1851B0DB266002EE36E /* background@2x.png in Resources */ = {isa = PBXBuildFile; fileRef = 53DCC16A1B0DB266002EE36E /* background@2x.png */; };
		53DCC1861B0DB266002EE36E /* icon_age_active@2x.png in Resources */ = {isa = PBXBuildFile; fileRef = 53DCC16B1B0DB266002EE36E /* icon_age_active@2x.png */; };
		53DCC1871B0DB266002EE36E /* icon_age@2x.png in Resources */ = {isa = PBXBuildFile; fileRef = 53DCC16C1B0DB266002EE36E /* icon_age@2x.png */; };
		53DCC1881B0DB266002EE36E /* icon_date@2x.png in Resources */ = {isa = PBXBuildFile; fileRef = 53DCC16D1B0DB266002EE36E /* icon_date@2x.png */; };
		53DCC1891B0DB266002EE36E /* icon_exit_active@2x.png in Resources */ = {isa = PBXBuildFile; fileRef = 53DCC16E1B0DB266002EE36E /* icon_exit_active@2x.png */; };
		53DCC18A1B0DB266002EE36E /* icon_exit@2x.png in Resources */ = {isa = PBXBuildFile; fileRef = 53DCC16F1B0DB266002EE36E /* icon_exit@2x.png */; };
		53DCC18B1B0DB266002EE36E /* icon_location@2x.png in Resources */ = {isa = PBXBuildFile; fileRef = 53DCC1701B0DB266002EE36E /* icon_location@2x.png */; };
		53DCC18C1B0DB266002EE36E /* icon_plus_active@2x.png in Resources */ = {isa = PBXBuildFile; fileRef = 53DCC1711B0DB266002EE36E /* icon_plus_active@2x.png */; };
		53DCC18D1B0DB266002EE36E /* icon_plus@2x.png in Resources */ = {isa = PBXBuildFile; fileRef = 53DCC1721B0DB266002EE36E /* icon_plus@2x.png */; };
		53DCC18E1B0DB266002EE36E /* icon_settings_active@2x.png in Resources */ = {isa = PBXBuildFile; fileRef = 53DCC1731B0DB266002EE36E /* icon_settings_active@2x.png */; };
		53DCC18F1B0DB266002EE36E /* icon_settings@2x.png in Resources */ = {isa = PBXBuildFile; fileRef = 53DCC1741B0DB266002EE36E /* icon_settings@2x.png */; };
		53DCC1901B0DB266002EE36E /* icon_sport_01_active@2x.png in Resources */ = {isa = PBXBuildFile; fileRef = 53DCC1751B0DB266002EE36E /* icon_sport_01_active@2x.png */; };
		53DCC1911B0DB266002EE36E /* icon_sport_01@2x.png in Resources */ = {isa = PBXBuildFile; fileRef = 53DCC1761B0DB266002EE36E /* icon_sport_01@2x.png */; };
		53DCC1921B0DB266002EE36E /* icon_sport_02_active@2x.png in Resources */ = {isa = PBXBuildFile; fileRef = 53DCC1771B0DB266002EE36E /* icon_sport_02_active@2x.png */; };
		53DCC1931B0DB266002EE36E /* icon_sport_02@2x.png in Resources */ = {isa = PBXBuildFile; fileRef = 53DCC1781B0DB266002EE36E /* icon_sport_02@2x.png */; };
		53DCC1941B0DB266002EE36E /* icon_sport_03_active@2x.png in Resources */ = {isa = PBXBuildFile; fileRef = 53DCC1791B0DB266002EE36E /* icon_sport_03_active@2x.png */; };
		53DCC1951B0DB266002EE36E /* icon_sport_03@2x.png in Resources */ = {isa = PBXBuildFile; fileRef = 53DCC17A1B0DB266002EE36E /* icon_sport_03@2x.png */; };
		53DCC1961B0DB266002EE36E /* icon_star_active@2x.png in Resources */ = {isa = PBXBuildFile; fileRef = 53DCC17B1B0DB266002EE36E /* icon_star_active@2x.png */; };
		53DCC1971B0DB266002EE36E /* icon_star_small_active@2x.png in Resources */ = {isa = PBXBuildFile; fileRef = 53DCC17C1B0DB266002EE36E /* icon_star_small_active@2x.png */; };
		53DCC1981B0DB266002EE36E /* icon_star_small@2x.png in Resources */ = {isa = PBXBuildFile; fileRef = 53DCC17D1B0DB266002EE36E /* icon_star_small@2x.png */; };
		53DCC1991B0DB266002EE36E /* icon_star@2x.png in Resources */ = {isa = PBXBuildFile; fileRef = 53DCC17E1B0DB266002EE36E /* icon_star@2x.png */; };
		53DCC19A1B0DB266002EE36E /* icon_status_admin@2x.png in Resources */ = {isa = PBXBuildFile; fileRef = 53DCC17F1B0DB266002EE36E /* icon_status_admin@2x.png */; };
		53DCC19B1B0DB266002EE36E /* icon_status_go@2x.png in Resources */ = {isa = PBXBuildFile; fileRef = 53DCC1801B0DB266002EE36E /* icon_status_go@2x.png */; };
		53DCC19C1B0DB266002EE36E /* icon_status_no@2x.png in Resources */ = {isa = PBXBuildFile; fileRef = 53DCC1811B0DB266002EE36E /* icon_status_no@2x.png */; };
		53DCC19D1B0DB266002EE36E /* icon_status_q@2x.png in Resources */ = {isa = PBXBuildFile; fileRef = 53DCC1821B0DB266002EE36E /* icon_status_q@2x.png */; };
		53DCC19E1B0DB266002EE36E /* icon_time@2x.png in Resources */ = {isa = PBXBuildFile; fileRef = 53DCC1831B0DB266002EE36E /* icon_time@2x.png */; };
		53DCC19F1B0DB266002EE36E /* logo@2x.png in Resources */ = {isa = PBXBuildFile; fileRef = 53DCC1841B0DB266002EE36E /* logo@2x.png */; };
		53DCC1A21B0DD88D002EE36E /* UINavigationBar+VCenter.m in Sources */ = {isa = PBXBuildFile; fileRef = 53DCC1A11B0DD88D002EE36E /* UINavigationBar+VCenter.m */; };
		53DCC1BC1B0E0A2D002EE36E /* MemberViewController.m in Sources */ = {isa = PBXBuildFile; fileRef = 53DCC1BB1B0E0A2D002EE36E /* MemberViewController.m */; };
		53DCC1BE1B0E0DA0002EE36E /* photo@2x.png in Resources */ = {isa = PBXBuildFile; fileRef = 53DCC1BD1B0E0DA0002EE36E /* photo@2x.png */; };
		53DD7FF11B1B77060019B5BE /* UIViewController+Navigation.m in Sources */ = {isa = PBXBuildFile; fileRef = 53DD7FF01B1B77060019B5BE /* UIViewController+Navigation.m */; };
		53E519721B10B92600B85DDD /* MemberSettingViewController.m in Sources */ = {isa = PBXBuildFile; fileRef = 53E519711B10B92600B85DDD /* MemberSettingViewController.m */; };
		53E519761B10D60A00B85DDD /* Fabric.framework in Frameworks */ = {isa = PBXBuildFile; fileRef = 53E519741B10D60A00B85DDD /* Fabric.framework */; };
		53E519771B10D60A00B85DDD /* Crashlytics.framework in Frameworks */ = {isa = PBXBuildFile; fileRef = 53E519751B10D60A00B85DDD /* Crashlytics.framework */; };
		53E5197F1B122BE400B85DDD /* SportInfo.m in Sources */ = {isa = PBXBuildFile; fileRef = 53E5197E1B122BE400B85DDD /* SportInfo.m */; };
		53E519821B122C7400B85DDD /* SportItemUI.m in Sources */ = {isa = PBXBuildFile; fileRef = 53E519811B122C7400B85DDD /* SportItemUI.m */; };
		53E519851B12472700B85DDD /* NewEvenViewController.m in Sources */ = {isa = PBXBuildFile; fileRef = 53E519841B12472700B85DDD /* NewEvenViewController.m */; };
		53E519881B1260CE00B85DDD /* NSLayoutConstraint+Helper.m in Sources */ = {isa = PBXBuildFile; fileRef = 53E519871B1260CE00B85DDD /* NSLayoutConstraint+Helper.m */; };
		53E5198B1B131EED00B85DDD /* bg_btn_fb@2x.png in Resources */ = {isa = PBXBuildFile; fileRef = 53E519891B131EED00B85DDD /* bg_btn_fb@2x.png */; };
		53E5198C1B131EED00B85DDD /* bg_btn_vk@2x.png in Resources */ = {isa = PBXBuildFile; fileRef = 53E5198A1B131EED00B85DDD /* bg_btn_vk@2x.png */; };
		53E5198F1B131EFF00B85DDD /* bg_btn_fb@3x.png in Resources */ = {isa = PBXBuildFile; fileRef = 53E5198D1B131EFF00B85DDD /* bg_btn_fb@3x.png */; };
		53E519901B131EFF00B85DDD /* bg_btn_vk@3x.png in Resources */ = {isa = PBXBuildFile; fileRef = 53E5198E1B131EFF00B85DDD /* bg_btn_vk@3x.png */; };
		53E519931B1374CE00B85DDD /* FBSDKCoreKit.framework in Frameworks */ = {isa = PBXBuildFile; fileRef = 53E519921B1374CE00B85DDD /* FBSDKCoreKit.framework */; };
		53E519951B1377B600B85DDD /* FBSDKLoginKit.framework in Frameworks */ = {isa = PBXBuildFile; fileRef = 53E519941B1377B600B85DDD /* FBSDKLoginKit.framework */; };
		53E519981B14502700B85DDD /* VKSdk.framework in Frameworks */ = {isa = PBXBuildFile; fileRef = 53E519961B14502700B85DDD /* VKSdk.framework */; };
		53E519991B14502700B85DDD /* VKSdkResources.bundle in Resources */ = {isa = PBXBuildFile; fileRef = 53E519971B14502700B85DDD /* VKSdkResources.bundle */; };
		53E5199C1B14CBCF00B85DDD /* ChatViewController.m in Sources */ = {isa = PBXBuildFile; fileRef = 53E5199B1B14CBCF00B85DDD /* ChatViewController.m */; };
		53E519BF1B15B0FD00B85DDD /* InviteUserViewController.m in Sources */ = {isa = PBXBuildFile; fileRef = 53E519BE1B15B0FD00B85DDD /* InviteUserViewController.m */; };
		53E519C51B15B74000B85DDD /* NSString+Common.m in Sources */ = {isa = PBXBuildFile; fileRef = 53E519C41B15B74000B85DDD /* NSString+Common.m */; };
		53E519C81B1604C700B85DDD /* CustomSearchBar.m in Sources */ = {isa = PBXBuildFile; fileRef = 53E519C71B1604C700B85DDD /* CustomSearchBar.m */; };
		53FAC0A01B21C29C00278C75 /* ic_send_active@2x.png in Resources */ = {isa = PBXBuildFile; fileRef = 53FAC09C1B21C29C00278C75 /* ic_send_active@2x.png */; };
		53FAC0A11B21C29C00278C75 /* ic_send_active@3x.png in Resources */ = {isa = PBXBuildFile; fileRef = 53FAC09D1B21C29C00278C75 /* ic_send_active@3x.png */; };
		53FAC0A21B21C29C00278C75 /* ic_send@2x.png in Resources */ = {isa = PBXBuildFile; fileRef = 53FAC09E1B21C29C00278C75 /* ic_send@2x.png */; };
		53FAC0A31B21C29C00278C75 /* ic_send@3x.png in Resources */ = {isa = PBXBuildFile; fileRef = 53FAC09F1B21C29C00278C75 /* ic_send@3x.png */; };
		53FAC0A61B21D85E00278C75 /* ChatMessage.m in Sources */ = {isa = PBXBuildFile; fileRef = 53FAC0A51B21D85E00278C75 /* ChatMessage.m */; };
/* End PBXBuildFile section */

/* Begin PBXContainerItemProxy section */
		5384D5CF1B0C9321009B6CD3 /* PBXContainerItemProxy */ = {
			isa = PBXContainerItemProxy;
			containerPortal = 5384D5B31B0C9321009B6CD3 /* Project object */;
			proxyType = 1;
			remoteGlobalIDString = 5384D5BA1B0C9321009B6CD3;
			remoteInfo = SportsApp;
		};
/* End PBXContainerItemProxy section */

/* Begin PBXFileReference section */
		531180321B2AD3A00076A7D6 /* MemberSettings.h */ = {isa = PBXFileReference; fileEncoding = 4; lastKnownFileType = sourcecode.c.h; path = MemberSettings.h; sourceTree = "<group>"; };
		531180331B2AD3A00076A7D6 /* MemberSettings.m */ = {isa = PBXFileReference; fileEncoding = 4; lastKnownFileType = sourcecode.c.objc; path = MemberSettings.m; sourceTree = "<group>"; };
		531180351B2AED3E0076A7D6 /* Constants.h */ = {isa = PBXFileReference; lastKnownFileType = sourcecode.c.h; path = Constants.h; sourceTree = "<group>"; };
		531F70BA1B1710E800C48478 /* CustomButton.h */ = {isa = PBXFileReference; fileEncoding = 4; lastKnownFileType = sourcecode.c.h; path = CustomButton.h; sourceTree = "<group>"; };
		531F70BB1B1710E800C48478 /* CustomButton.m */ = {isa = PBXFileReference; fileEncoding = 4; lastKnownFileType = sourcecode.c.objc; path = CustomButton.m; sourceTree = "<group>"; };
		533A292B1B25853400CB422A /* DDPageControl.h */ = {isa = PBXFileReference; fileEncoding = 4; lastKnownFileType = sourcecode.c.h; path = DDPageControl.h; sourceTree = "<group>"; };
		533A292C1B25853400CB422A /* DDPageControl.m */ = {isa = PBXFileReference; fileEncoding = 4; lastKnownFileType = sourcecode.c.objc; path = DDPageControl.m; sourceTree = "<group>"; };
		533A292E1B258BAD00CB422A /* bg_btn_slide_down_active@2x.png */ = {isa = PBXFileReference; lastKnownFileType = image.png; path = "bg_btn_slide_down_active@2x.png"; sourceTree = "<group>"; };
		533A292F1B258BAD00CB422A /* bg_btn_slide_down_active@3x.png */ = {isa = PBXFileReference; lastKnownFileType = image.png; path = "bg_btn_slide_down_active@3x.png"; sourceTree = "<group>"; };
		533A29301B258BAD00CB422A /* bg_btn_slide_down@2x.png */ = {isa = PBXFileReference; lastKnownFileType = image.png; path = "bg_btn_slide_down@2x.png"; sourceTree = "<group>"; };
		533A29311B258BAD00CB422A /* bg_btn_slide_down@3x.png */ = {isa = PBXFileReference; lastKnownFileType = image.png; path = "bg_btn_slide_down@3x.png"; sourceTree = "<group>"; };
		533A29321B258BAD00CB422A /* bg_btn_slide_up_active@2x.png */ = {isa = PBXFileReference; lastKnownFileType = image.png; path = "bg_btn_slide_up_active@2x.png"; sourceTree = "<group>"; };
		533A29331B258BAD00CB422A /* bg_btn_slide_up_active@3x.png */ = {isa = PBXFileReference; lastKnownFileType = image.png; path = "bg_btn_slide_up_active@3x.png"; sourceTree = "<group>"; };
		533A29341B258BAD00CB422A /* bg_btn_slide_up@2x.png */ = {isa = PBXFileReference; lastKnownFileType = image.png; path = "bg_btn_slide_up@2x.png"; sourceTree = "<group>"; };
		533A29351B258BAD00CB422A /* bg_btn_slide_up@3x.png */ = {isa = PBXFileReference; lastKnownFileType = image.png; path = "bg_btn_slide_up@3x.png"; sourceTree = "<group>"; };
		534B51221B20333B001FAD9A /* bg_tbl_cell_gray_line@2x.png */ = {isa = PBXFileReference; lastKnownFileType = image.png; path = "bg_tbl_cell_gray_line@2x.png"; sourceTree = "<group>"; };
		534B51231B20333C001FAD9A /* bg_tbl_cell_gray_line@3x.png */ = {isa = PBXFileReference; lastKnownFileType = image.png; path = "bg_tbl_cell_gray_line@3x.png"; sourceTree = "<group>"; };
		534B51241B20333C001FAD9A /* bg_tbl_cell_gray@2x.png */ = {isa = PBXFileReference; lastKnownFileType = image.png; path = "bg_tbl_cell_gray@2x.png"; sourceTree = "<group>"; };
		534B51251B20333C001FAD9A /* bg_tbl_cell_gray@3x.png */ = {isa = PBXFileReference; lastKnownFileType = image.png; path = "bg_tbl_cell_gray@3x.png"; sourceTree = "<group>"; };
		534B51261B20333C001FAD9A /* bg_tbl_cell_white_line@2x.png */ = {isa = PBXFileReference; lastKnownFileType = image.png; path = "bg_tbl_cell_white_line@2x.png"; sourceTree = "<group>"; };
		534B51271B20333C001FAD9A /* bg_tbl_cell_white_line@3x.png */ = {isa = PBXFileReference; lastKnownFileType = image.png; path = "bg_tbl_cell_white_line@3x.png"; sourceTree = "<group>"; };
		534B51281B20333C001FAD9A /* bg_tbl_cell_white@2x.png */ = {isa = PBXFileReference; lastKnownFileType = image.png; path = "bg_tbl_cell_white@2x.png"; sourceTree = "<group>"; };
		534B51291B20333C001FAD9A /* bg_tbl_cell_white@3x.png */ = {isa = PBXFileReference; lastKnownFileType = image.png; path = "bg_tbl_cell_white@3x.png"; sourceTree = "<group>"; };
		534B512A1B20333C001FAD9A /* bg_tbl_section_blue@2x.png */ = {isa = PBXFileReference; lastKnownFileType = image.png; path = "bg_tbl_section_blue@2x.png"; sourceTree = "<group>"; };
		534B512B1B20333C001FAD9A /* bg_tbl_section_blue@3x.png */ = {isa = PBXFileReference; lastKnownFileType = image.png; path = "bg_tbl_section_blue@3x.png"; sourceTree = "<group>"; };
		534B512C1B20333C001FAD9A /* bg_tbl_section_green@2x.png */ = {isa = PBXFileReference; lastKnownFileType = image.png; path = "bg_tbl_section_green@2x.png"; sourceTree = "<group>"; };
		534B512D1B20333C001FAD9A /* bg_tbl_section_green@3x.png */ = {isa = PBXFileReference; lastKnownFileType = image.png; path = "bg_tbl_section_green@3x.png"; sourceTree = "<group>"; };
		534B512E1B20333C001FAD9A /* ic_page_active@2x.png */ = {isa = PBXFileReference; lastKnownFileType = image.png; path = "ic_page_active@2x.png"; sourceTree = "<group>"; };
		534B512F1B20333C001FAD9A /* ic_page_active@3x.png */ = {isa = PBXFileReference; lastKnownFileType = image.png; path = "ic_page_active@3x.png"; sourceTree = "<group>"; };
		534B51301B20333C001FAD9A /* ic_page@2x.png */ = {isa = PBXFileReference; lastKnownFileType = image.png; path = "ic_page@2x.png"; sourceTree = "<group>"; };
		534B51311B20333C001FAD9A /* ic_page@3x.png */ = {isa = PBXFileReference; lastKnownFileType = image.png; path = "ic_page@3x.png"; sourceTree = "<group>"; };
		534B51421B203B40001FAD9A /* CustomDotPageControl.h */ = {isa = PBXFileReference; fileEncoding = 4; lastKnownFileType = sourcecode.c.h; path = CustomDotPageControl.h; sourceTree = "<group>"; };
		534B51431B203B40001FAD9A /* CustomDotPageControl.m */ = {isa = PBXFileReference; fileEncoding = 4; lastKnownFileType = sourcecode.c.objc; path = CustomDotPageControl.m; sourceTree = "<group>"; };
		534B51451B204446001FAD9A /* ic_plus@2x.png */ = {isa = PBXFileReference; lastKnownFileType = image.png; path = "ic_plus@2x.png"; sourceTree = "<group>"; };
		534B51461B204446001FAD9A /* ic_plus@3x.png */ = {isa = PBXFileReference; lastKnownFileType = image.png; path = "ic_plus@3x.png"; sourceTree = "<group>"; };
		534B51491B204457001FAD9A /* ic_back_arrow@2x.png */ = {isa = PBXFileReference; lastKnownFileType = image.png; path = "ic_back_arrow@2x.png"; sourceTree = "<group>"; };
		534B514A1B204457001FAD9A /* ic_back_arrow@3x.png */ = {isa = PBXFileReference; lastKnownFileType = image.png; path = "ic_back_arrow@3x.png"; sourceTree = "<group>"; };
		534B51551B20BCBA001FAD9A /* ChatTableViewCell.h */ = {isa = PBXFileReference; fileEncoding = 4; lastKnownFileType = sourcecode.c.h; path = ChatTableViewCell.h; sourceTree = "<group>"; };
		534B51561B20BCBA001FAD9A /* ChatTableViewCell.m */ = {isa = PBXFileReference; fileEncoding = 4; lastKnownFileType = sourcecode.c.objc; path = ChatTableViewCell.m; sourceTree = "<group>"; };
		534B515E1B219A08001FAD9A /* bg_chat@2x.png */ = {isa = PBXFileReference; lastKnownFileType = image.png; path = "bg_chat@2x.png"; sourceTree = "<group>"; };
		534B515F1B219A08001FAD9A /* bg_chat@3x.png */ = {isa = PBXFileReference; lastKnownFileType = image.png; path = "bg_chat@3x.png"; sourceTree = "<group>"; };
		534B51621B219DCD001FAD9A /* ChatRightTableViewCell.h */ = {isa = PBXFileReference; fileEncoding = 4; lastKnownFileType = sourcecode.c.h; path = ChatRightTableViewCell.h; sourceTree = "<group>"; };
		534B51631B219DCD001FAD9A /* ChatRightTableViewCell.m */ = {isa = PBXFileReference; fileEncoding = 4; lastKnownFileType = sourcecode.c.objc; path = ChatRightTableViewCell.m; sourceTree = "<group>"; };
		536FF29D1B1858AF00D3561A /* Quickblox.framework */ = {isa = PBXFileReference; lastKnownFileType = wrapper.framework; path = Quickblox.framework; sourceTree = "<group>"; };
		536FF29F1B18650A00D3561A /* libxml2.dylib */ = {isa = PBXFileReference; lastKnownFileType = "compiled.mach-o.dylib"; name = libxml2.dylib; path = usr/lib/libxml2.dylib; sourceTree = SDKROOT; };
		536FF2A11B18655000D3561A /* libz.dylib */ = {isa = PBXFileReference; lastKnownFileType = "compiled.mach-o.dylib"; name = libz.dylib; path = usr/lib/libz.dylib; sourceTree = SDKROOT; };
		536FF2A31B1865DF00D3561A /* libresolv.dylib */ = {isa = PBXFileReference; lastKnownFileType = "compiled.mach-o.dylib"; name = libresolv.dylib; path = usr/lib/libresolv.dylib; sourceTree = SDKROOT; };
		536FF2A51B1866F600D3561A /* CFNetwork.framework */ = {isa = PBXFileReference; lastKnownFileType = wrapper.framework; name = CFNetwork.framework; path = System/Library/Frameworks/CFNetwork.framework; sourceTree = SDKROOT; };
		536FF2A71B18675400D3561A /* MobileCoreServices.framework */ = {isa = PBXFileReference; lastKnownFileType = wrapper.framework; name = MobileCoreServices.framework; path = System/Library/Frameworks/MobileCoreServices.framework; sourceTree = SDKROOT; };
		536FF2A91B18676600D3561A /* CoreGraphics.framework */ = {isa = PBXFileReference; lastKnownFileType = wrapper.framework; name = CoreGraphics.framework; path = System/Library/Frameworks/CoreGraphics.framework; sourceTree = SDKROOT; };
		536FF2AB1B18677400D3561A /* CoreData.framework */ = {isa = PBXFileReference; lastKnownFileType = wrapper.framework; name = CoreData.framework; path = System/Library/Frameworks/CoreData.framework; sourceTree = SDKROOT; };
		536FF2AD1B18677F00D3561A /* AudioToolbox.framework */ = {isa = PBXFileReference; lastKnownFileType = wrapper.framework; name = AudioToolbox.framework; path = System/Library/Frameworks/AudioToolbox.framework; sourceTree = SDKROOT; };
		536FF2AF1B18678D00D3561A /* AVFoundation.framework */ = {isa = PBXFileReference; lastKnownFileType = wrapper.framework; name = AVFoundation.framework; path = System/Library/Frameworks/AVFoundation.framework; sourceTree = SDKROOT; };
		536FF2B11B18679900D3561A /* Security.framework */ = {isa = PBXFileReference; lastKnownFileType = wrapper.framework; name = Security.framework; path = System/Library/Frameworks/Security.framework; sourceTree = SDKROOT; };
		536FF2B31B1867BA00D3561A /* CoreMedia.framework */ = {isa = PBXFileReference; lastKnownFileType = wrapper.framework; name = CoreMedia.framework; path = System/Library/Frameworks/CoreMedia.framework; sourceTree = SDKROOT; };
		536FF2B51B1867C600D3561A /* Accelerate.framework */ = {isa = PBXFileReference; lastKnownFileType = wrapper.framework; name = Accelerate.framework; path = System/Library/Frameworks/Accelerate.framework; sourceTree = SDKROOT; };
		536FF2B71B1867D400D3561A /* QuartzCore.framework */ = {isa = PBXFileReference; lastKnownFileType = wrapper.framework; name = QuartzCore.framework; path = System/Library/Frameworks/QuartzCore.framework; sourceTree = SDKROOT; };
		536FF2B91B18684800D3561A /* SystemConfiguration.framework */ = {isa = PBXFileReference; lastKnownFileType = wrapper.framework; name = SystemConfiguration.framework; path = System/Library/Frameworks/SystemConfiguration.framework; sourceTree = SDKROOT; };
		536FF2BB1B18690000D3561A /* CoreVideo.framework */ = {isa = PBXFileReference; lastKnownFileType = wrapper.framework; name = CoreVideo.framework; path = System/Library/Frameworks/CoreVideo.framework; sourceTree = SDKROOT; };
		536FF2BD1B18E44400D3561A /* PlaceSearchViewController.h */ = {isa = PBXFileReference; fileEncoding = 4; lastKnownFileType = sourcecode.c.h; path = PlaceSearchViewController.h; sourceTree = "<group>"; };
		536FF2BE1B18E44400D3561A /* PlaceSearchViewController.m */ = {isa = PBXFileReference; fileEncoding = 4; lastKnownFileType = sourcecode.c.objc; path = PlaceSearchViewController.m; sourceTree = "<group>"; };
		53820F611B17934C00F4EE3B /* MemberInfo.h */ = {isa = PBXFileReference; fileEncoding = 4; lastKnownFileType = sourcecode.c.h; path = MemberInfo.h; sourceTree = "<group>"; };
		53820F621B17934C00F4EE3B /* MemberInfo.m */ = {isa = PBXFileReference; fileEncoding = 4; lastKnownFileType = sourcecode.c.objc; path = MemberInfo.m; sourceTree = "<group>"; };
		5384D5BB1B0C9321009B6CD3 /* SportsApp.app */ = {isa = PBXFileReference; explicitFileType = wrapper.application; includeInIndex = 0; path = SportsApp.app; sourceTree = BUILT_PRODUCTS_DIR; };
		5384D5BF1B0C9321009B6CD3 /* Info.plist */ = {isa = PBXFileReference; lastKnownFileType = text.plist.xml; path = Info.plist; sourceTree = "<group>"; };
		5384D5C01B0C9321009B6CD3 /* main.m */ = {isa = PBXFileReference; lastKnownFileType = sourcecode.c.objc; path = main.m; sourceTree = "<group>"; };
		5384D5C21B0C9321009B6CD3 /* AppDelegate.h */ = {isa = PBXFileReference; lastKnownFileType = sourcecode.c.h; path = AppDelegate.h; sourceTree = "<group>"; };
		5384D5C31B0C9321009B6CD3 /* AppDelegate.m */ = {isa = PBXFileReference; lastKnownFileType = sourcecode.c.objc; path = AppDelegate.m; sourceTree = "<group>"; };
		5384D5C51B0C9321009B6CD3 /* Images.xcassets */ = {isa = PBXFileReference; lastKnownFileType = folder.assetcatalog; path = Images.xcassets; sourceTree = "<group>"; };
		5384D5CE1B0C9321009B6CD3 /* SportsAppTests.xctest */ = {isa = PBXFileReference; explicitFileType = wrapper.cfbundle; includeInIndex = 0; path = SportsAppTests.xctest; sourceTree = BUILT_PRODUCTS_DIR; };
		5384D5D31B0C9321009B6CD3 /* Info.plist */ = {isa = PBXFileReference; lastKnownFileType = text.plist.xml; path = Info.plist; sourceTree = "<group>"; };
		5384D5D41B0C9321009B6CD3 /* SportsAppTests.m */ = {isa = PBXFileReference; lastKnownFileType = sourcecode.c.objc; path = SportsAppTests.m; sourceTree = "<group>"; };
		5390F1501B28452A00B02775 /* bg_chat_message@2x.png */ = {isa = PBXFileReference; lastKnownFileType = image.png; path = "bg_chat_message@2x.png"; sourceTree = "<group>"; };
		5390F1511B28452A00B02775 /* bg_chat_message@3x.png */ = {isa = PBXFileReference; lastKnownFileType = image.png; path = "bg_chat_message@3x.png"; sourceTree = "<group>"; };
		5390F15A1B28454A00B02775 /* bg_chat_right_message@2x.png */ = {isa = PBXFileReference; lastKnownFileType = image.png; path = "bg_chat_right_message@2x.png"; sourceTree = "<group>"; };
		5390F15B1B28454A00B02775 /* bg_chat_right_message@3x.png */ = {isa = PBXFileReference; lastKnownFileType = image.png; path = "bg_chat_right_message@3x.png"; sourceTree = "<group>"; };
		5390F15E1B28890400B02775 /* ic_avatar@2x.png */ = {isa = PBXFileReference; lastKnownFileType = image.png; path = "ic_avatar@2x.png"; sourceTree = "<group>"; };
		5390F15F1B28890400B02775 /* ic_avatar@3x.png */ = {isa = PBXFileReference; lastKnownFileType = image.png; path = "ic_avatar@3x.png"; sourceTree = "<group>"; };
		5390F1631B28968400B02775 /* ZSNetManager.h */ = {isa = PBXFileReference; fileEncoding = 4; lastKnownFileType = sourcecode.c.h; path = ZSNetManager.h; sourceTree = "<group>"; };
		5390F1641B28968400B02775 /* ZSNetManager.m */ = {isa = PBXFileReference; fileEncoding = 4; lastKnownFileType = sourcecode.c.objc; path = ZSNetManager.m; sourceTree = "<group>"; };
		5390F1661B2896AA00B02775 /* Reachability.h */ = {isa = PBXFileReference; fileEncoding = 4; lastKnownFileType = sourcecode.c.h; path = Reachability.h; sourceTree = "<group>"; };
		5390F1671B2896AA00B02775 /* Reachability.m */ = {isa = PBXFileReference; fileEncoding = 4; lastKnownFileType = sourcecode.c.objc; path = Reachability.m; sourceTree = "<group>"; };
		5390F1691B289A1800B02775 /* bg_chat_right_message_ellipse@2x.png */ = {isa = PBXFileReference; lastKnownFileType = image.png; path = "bg_chat_right_message_ellipse@2x.png"; sourceTree = "<group>"; };
		5390F16A1B289A1800B02775 /* bg_chat_right_message_ellipse@3x.png */ = {isa = PBXFileReference; lastKnownFileType = image.png; path = "bg_chat_right_message_ellipse@3x.png"; sourceTree = "<group>"; };
		5390F16D1B289A3100B02775 /* bg_chat_message_ellipse@2x.png */ = {isa = PBXFileReference; lastKnownFileType = image.png; path = "bg_chat_message_ellipse@2x.png"; sourceTree = "<group>"; };
		5390F16E1B289A3100B02775 /* bg_chat_message_ellipse@3x.png */ = {isa = PBXFileReference; lastKnownFileType = image.png; path = "bg_chat_message_ellipse@3x.png"; sourceTree = "<group>"; };
		5390F1711B289C3E00B02775 /* NewGame.h */ = {isa = PBXFileReference; fileEncoding = 4; lastKnownFileType = sourcecode.c.h; path = NewGame.h; sourceTree = "<group>"; };
		5390F1721B289C3E00B02775 /* NewGame.m */ = {isa = PBXFileReference; fileEncoding = 4; lastKnownFileType = sourcecode.c.objc; path = NewGame.m; sourceTree = "<group>"; };
		5390F1741B289DD300B02775 /* AppNetHelper.h */ = {isa = PBXFileReference; fileEncoding = 4; lastKnownFileType = sourcecode.c.h; path = AppNetHelper.h; sourceTree = "<group>"; };
		5390F1751B289DD300B02775 /* AppNetHelper.m */ = {isa = PBXFileReference; fileEncoding = 4; lastKnownFileType = sourcecode.c.objc; path = AppNetHelper.m; sourceTree = "<group>"; };
		5390F1771B289EC200B02775 /* MBProgressHUD.h */ = {isa = PBXFileReference; fileEncoding = 4; lastKnownFileType = sourcecode.c.h; path = MBProgressHUD.h; sourceTree = "<group>"; };
		5390F1781B289EC200B02775 /* MBProgressHUD.m */ = {isa = PBXFileReference; fileEncoding = 4; lastKnownFileType = sourcecode.c.objc; path = MBProgressHUD.m; sourceTree = "<group>"; };
		53B994D21B0D076F00558169 /* GamesListViewController.h */ = {isa = PBXFileReference; fileEncoding = 4; lastKnownFileType = sourcecode.c.h; path = GamesListViewController.h; sourceTree = "<group>"; };
		53B994D31B0D076F00558169 /* GamesListViewController.m */ = {isa = PBXFileReference; fileEncoding = 4; lastKnownFileType = sourcecode.c.objc; path = GamesListViewController.m; sourceTree = "<group>"; };
		53B994D51B0D078900558169 /* LoginViewController.h */ = {isa = PBXFileReference; fileEncoding = 4; lastKnownFileType = sourcecode.c.h; path = LoginViewController.h; sourceTree = "<group>"; };
		53B994D61B0D078900558169 /* LoginViewController.m */ = {isa = PBXFileReference; fileEncoding = 4; lastKnownFileType = sourcecode.c.objc; path = LoginViewController.m; sourceTree = "<group>"; };
		53B994DB1B0D085200558169 /* AppColors.h */ = {isa = PBXFileReference; fileEncoding = 4; lastKnownFileType = sourcecode.c.h; path = AppColors.h; sourceTree = "<group>"; };
		53B994DC1B0D086600558169 /* UIColor+Helper.h */ = {isa = PBXFileReference; fileEncoding = 4; lastKnownFileType = sourcecode.c.h; path = "UIColor+Helper.h"; sourceTree = "<group>"; };
		53B994DD1B0D086600558169 /* UIColor+Helper.m */ = {isa = PBXFileReference; fileEncoding = 4; lastKnownFileType = sourcecode.c.objc; path = "UIColor+Helper.m"; sourceTree = "<group>"; };
		53B994E21B0D0C3200558169 /* GamesListTableViewCell.h */ = {isa = PBXFileReference; fileEncoding = 4; lastKnownFileType = sourcecode.c.h; path = GamesListTableViewCell.h; sourceTree = "<group>"; };
		53B994E31B0D0C3200558169 /* GamesListTableViewCell.m */ = {isa = PBXFileReference; fileEncoding = 4; lastKnownFileType = sourcecode.c.objc; path = GamesListTableViewCell.m; sourceTree = "<group>"; };
		53B994E81B0D0F5F00558169 /* GameInfo.h */ = {isa = PBXFileReference; fileEncoding = 4; lastKnownFileType = sourcecode.c.h; path = GameInfo.h; sourceTree = "<group>"; };
		53B994E91B0D0F5F00558169 /* GameInfo.m */ = {isa = PBXFileReference; fileEncoding = 4; lastKnownFileType = sourcecode.c.objc; path = GameInfo.m; sourceTree = "<group>"; };
		53DCC16A1B0DB266002EE36E /* background@2x.png */ = {isa = PBXFileReference; lastKnownFileType = image.png; path = "background@2x.png"; sourceTree = "<group>"; };
		53DCC16B1B0DB266002EE36E /* icon_age_active@2x.png */ = {isa = PBXFileReference; lastKnownFileType = image.png; path = "icon_age_active@2x.png"; sourceTree = "<group>"; };
		53DCC16C1B0DB266002EE36E /* icon_age@2x.png */ = {isa = PBXFileReference; lastKnownFileType = image.png; path = "icon_age@2x.png"; sourceTree = "<group>"; };
		53DCC16D1B0DB266002EE36E /* icon_date@2x.png */ = {isa = PBXFileReference; lastKnownFileType = image.png; path = "icon_date@2x.png"; sourceTree = "<group>"; };
		53DCC16E1B0DB266002EE36E /* icon_exit_active@2x.png */ = {isa = PBXFileReference; lastKnownFileType = image.png; path = "icon_exit_active@2x.png"; sourceTree = "<group>"; };
		53DCC16F1B0DB266002EE36E /* icon_exit@2x.png */ = {isa = PBXFileReference; lastKnownFileType = image.png; path = "icon_exit@2x.png"; sourceTree = "<group>"; };
		53DCC1701B0DB266002EE36E /* icon_location@2x.png */ = {isa = PBXFileReference; lastKnownFileType = image.png; path = "icon_location@2x.png"; sourceTree = "<group>"; };
		53DCC1711B0DB266002EE36E /* icon_plus_active@2x.png */ = {isa = PBXFileReference; lastKnownFileType = image.png; path = "icon_plus_active@2x.png"; sourceTree = "<group>"; };
		53DCC1721B0DB266002EE36E /* icon_plus@2x.png */ = {isa = PBXFileReference; lastKnownFileType = image.png; path = "icon_plus@2x.png"; sourceTree = "<group>"; };
		53DCC1731B0DB266002EE36E /* icon_settings_active@2x.png */ = {isa = PBXFileReference; lastKnownFileType = image.png; path = "icon_settings_active@2x.png"; sourceTree = "<group>"; };
		53DCC1741B0DB266002EE36E /* icon_settings@2x.png */ = {isa = PBXFileReference; lastKnownFileType = image.png; path = "icon_settings@2x.png"; sourceTree = "<group>"; };
		53DCC1751B0DB266002EE36E /* icon_sport_01_active@2x.png */ = {isa = PBXFileReference; lastKnownFileType = image.png; path = "icon_sport_01_active@2x.png"; sourceTree = "<group>"; };
		53DCC1761B0DB266002EE36E /* icon_sport_01@2x.png */ = {isa = PBXFileReference; lastKnownFileType = image.png; path = "icon_sport_01@2x.png"; sourceTree = "<group>"; };
		53DCC1771B0DB266002EE36E /* icon_sport_02_active@2x.png */ = {isa = PBXFileReference; lastKnownFileType = image.png; path = "icon_sport_02_active@2x.png"; sourceTree = "<group>"; };
		53DCC1781B0DB266002EE36E /* icon_sport_02@2x.png */ = {isa = PBXFileReference; lastKnownFileType = image.png; path = "icon_sport_02@2x.png"; sourceTree = "<group>"; };
		53DCC1791B0DB266002EE36E /* icon_sport_03_active@2x.png */ = {isa = PBXFileReference; lastKnownFileType = image.png; path = "icon_sport_03_active@2x.png"; sourceTree = "<group>"; };
		53DCC17A1B0DB266002EE36E /* icon_sport_03@2x.png */ = {isa = PBXFileReference; lastKnownFileType = image.png; path = "icon_sport_03@2x.png"; sourceTree = "<group>"; };
		53DCC17B1B0DB266002EE36E /* icon_star_active@2x.png */ = {isa = PBXFileReference; lastKnownFileType = image.png; path = "icon_star_active@2x.png"; sourceTree = "<group>"; };
		53DCC17C1B0DB266002EE36E /* icon_star_small_active@2x.png */ = {isa = PBXFileReference; lastKnownFileType = image.png; path = "icon_star_small_active@2x.png"; sourceTree = "<group>"; };
		53DCC17D1B0DB266002EE36E /* icon_star_small@2x.png */ = {isa = PBXFileReference; lastKnownFileType = image.png; path = "icon_star_small@2x.png"; sourceTree = "<group>"; };
		53DCC17E1B0DB266002EE36E /* icon_star@2x.png */ = {isa = PBXFileReference; lastKnownFileType = image.png; path = "icon_star@2x.png"; sourceTree = "<group>"; };
		53DCC17F1B0DB266002EE36E /* icon_status_admin@2x.png */ = {isa = PBXFileReference; lastKnownFileType = image.png; path = "icon_status_admin@2x.png"; sourceTree = "<group>"; };
		53DCC1801B0DB266002EE36E /* icon_status_go@2x.png */ = {isa = PBXFileReference; lastKnownFileType = image.png; path = "icon_status_go@2x.png"; sourceTree = "<group>"; };
		53DCC1811B0DB266002EE36E /* icon_status_no@2x.png */ = {isa = PBXFileReference; lastKnownFileType = image.png; path = "icon_status_no@2x.png"; sourceTree = "<group>"; };
		53DCC1821B0DB266002EE36E /* icon_status_q@2x.png */ = {isa = PBXFileReference; lastKnownFileType = image.png; path = "icon_status_q@2x.png"; sourceTree = "<group>"; };
		53DCC1831B0DB266002EE36E /* icon_time@2x.png */ = {isa = PBXFileReference; lastKnownFileType = image.png; path = "icon_time@2x.png"; sourceTree = "<group>"; };
		53DCC1841B0DB266002EE36E /* logo@2x.png */ = {isa = PBXFileReference; lastKnownFileType = image.png; path = "logo@2x.png"; sourceTree = "<group>"; };
		53DCC1A01B0DD88D002EE36E /* UINavigationBar+VCenter.h */ = {isa = PBXFileReference; fileEncoding = 4; lastKnownFileType = sourcecode.c.h; path = "UINavigationBar+VCenter.h"; sourceTree = "<group>"; };
		53DCC1A11B0DD88D002EE36E /* UINavigationBar+VCenter.m */ = {isa = PBXFileReference; fileEncoding = 4; lastKnownFileType = sourcecode.c.objc; path = "UINavigationBar+VCenter.m"; sourceTree = "<group>"; };
		53DCC1BA1B0E0A2D002EE36E /* MemberViewController.h */ = {isa = PBXFileReference; fileEncoding = 4; lastKnownFileType = sourcecode.c.h; path = MemberViewController.h; sourceTree = "<group>"; };
		53DCC1BB1B0E0A2D002EE36E /* MemberViewController.m */ = {isa = PBXFileReference; fileEncoding = 4; lastKnownFileType = sourcecode.c.objc; path = MemberViewController.m; sourceTree = "<group>"; };
		53DCC1BD1B0E0DA0002EE36E /* photo@2x.png */ = {isa = PBXFileReference; lastKnownFileType = image.png; path = "photo@2x.png"; sourceTree = "<group>"; };
		53DD7FEF1B1B77060019B5BE /* UIViewController+Navigation.h */ = {isa = PBXFileReference; fileEncoding = 4; lastKnownFileType = sourcecode.c.h; path = "UIViewController+Navigation.h"; sourceTree = "<group>"; };
		53DD7FF01B1B77060019B5BE /* UIViewController+Navigation.m */ = {isa = PBXFileReference; fileEncoding = 4; lastKnownFileType = sourcecode.c.objc; path = "UIViewController+Navigation.m"; sourceTree = "<group>"; };
		53E519701B10B92600B85DDD /* MemberSettingViewController.h */ = {isa = PBXFileReference; fileEncoding = 4; lastKnownFileType = sourcecode.c.h; path = MemberSettingViewController.h; sourceTree = "<group>"; };
		53E519711B10B92600B85DDD /* MemberSettingViewController.m */ = {isa = PBXFileReference; fileEncoding = 4; lastKnownFileType = sourcecode.c.objc; path = MemberSettingViewController.m; sourceTree = "<group>"; };
		53E519741B10D60A00B85DDD /* Fabric.framework */ = {isa = PBXFileReference; lastKnownFileType = wrapper.framework; path = Fabric.framework; sourceTree = "<group>"; };
		53E519751B10D60A00B85DDD /* Crashlytics.framework */ = {isa = PBXFileReference; lastKnownFileType = wrapper.framework; path = Crashlytics.framework; sourceTree = "<group>"; };
		53E5197D1B122BE400B85DDD /* SportInfo.h */ = {isa = PBXFileReference; fileEncoding = 4; lastKnownFileType = sourcecode.c.h; path = SportInfo.h; sourceTree = "<group>"; };
		53E5197E1B122BE400B85DDD /* SportInfo.m */ = {isa = PBXFileReference; fileEncoding = 4; lastKnownFileType = sourcecode.c.objc; path = SportInfo.m; sourceTree = "<group>"; };
		53E519801B122C7400B85DDD /* SportItemUI.h */ = {isa = PBXFileReference; fileEncoding = 4; lastKnownFileType = sourcecode.c.h; path = SportItemUI.h; sourceTree = "<group>"; };
		53E519811B122C7400B85DDD /* SportItemUI.m */ = {isa = PBXFileReference; fileEncoding = 4; lastKnownFileType = sourcecode.c.objc; path = SportItemUI.m; sourceTree = "<group>"; };
		53E519831B12472700B85DDD /* NewEvenViewController.h */ = {isa = PBXFileReference; fileEncoding = 4; lastKnownFileType = sourcecode.c.h; path = NewEvenViewController.h; sourceTree = "<group>"; };
		53E519841B12472700B85DDD /* NewEvenViewController.m */ = {isa = PBXFileReference; fileEncoding = 4; lastKnownFileType = sourcecode.c.objc; path = NewEvenViewController.m; sourceTree = "<group>"; };
		53E519861B1260CE00B85DDD /* NSLayoutConstraint+Helper.h */ = {isa = PBXFileReference; fileEncoding = 4; lastKnownFileType = sourcecode.c.h; path = "NSLayoutConstraint+Helper.h"; sourceTree = "<group>"; };
		53E519871B1260CE00B85DDD /* NSLayoutConstraint+Helper.m */ = {isa = PBXFileReference; fileEncoding = 4; lastKnownFileType = sourcecode.c.objc; path = "NSLayoutConstraint+Helper.m"; sourceTree = "<group>"; };
		53E519891B131EED00B85DDD /* bg_btn_fb@2x.png */ = {isa = PBXFileReference; lastKnownFileType = image.png; path = "bg_btn_fb@2x.png"; sourceTree = "<group>"; };
		53E5198A1B131EED00B85DDD /* bg_btn_vk@2x.png */ = {isa = PBXFileReference; lastKnownFileType = image.png; path = "bg_btn_vk@2x.png"; sourceTree = "<group>"; };
		53E5198D1B131EFF00B85DDD /* bg_btn_fb@3x.png */ = {isa = PBXFileReference; lastKnownFileType = image.png; path = "bg_btn_fb@3x.png"; sourceTree = "<group>"; };
		53E5198E1B131EFF00B85DDD /* bg_btn_vk@3x.png */ = {isa = PBXFileReference; lastKnownFileType = image.png; path = "bg_btn_vk@3x.png"; sourceTree = "<group>"; };
		53E519921B1374CE00B85DDD /* FBSDKCoreKit.framework */ = {isa = PBXFileReference; lastKnownFileType = wrapper.framework; path = FBSDKCoreKit.framework; sourceTree = "<group>"; };
		53E519941B1377B600B85DDD /* FBSDKLoginKit.framework */ = {isa = PBXFileReference; lastKnownFileType = wrapper.framework; path = FBSDKLoginKit.framework; sourceTree = "<group>"; };
		53E519961B14502700B85DDD /* VKSdk.framework */ = {isa = PBXFileReference; lastKnownFileType = wrapper.framework; path = VKSdk.framework; sourceTree = "<group>"; };
		53E519971B14502700B85DDD /* VKSdkResources.bundle */ = {isa = PBXFileReference; lastKnownFileType = "wrapper.plug-in"; path = VKSdkResources.bundle; sourceTree = "<group>"; };
		53E5199A1B14CBCF00B85DDD /* ChatViewController.h */ = {isa = PBXFileReference; fileEncoding = 4; lastKnownFileType = sourcecode.c.h; path = ChatViewController.h; sourceTree = "<group>"; };
		53E5199B1B14CBCF00B85DDD /* ChatViewController.m */ = {isa = PBXFileReference; fileEncoding = 4; lastKnownFileType = sourcecode.c.objc; path = ChatViewController.m; sourceTree = "<group>"; };
		53E519BD1B15B0FD00B85DDD /* InviteUserViewController.h */ = {isa = PBXFileReference; fileEncoding = 4; lastKnownFileType = sourcecode.c.h; path = InviteUserViewController.h; sourceTree = "<group>"; };
		53E519BE1B15B0FD00B85DDD /* InviteUserViewController.m */ = {isa = PBXFileReference; fileEncoding = 4; lastKnownFileType = sourcecode.c.objc; path = InviteUserViewController.m; sourceTree = "<group>"; };
		53E519C31B15B74000B85DDD /* NSString+Common.h */ = {isa = PBXFileReference; fileEncoding = 4; lastKnownFileType = sourcecode.c.h; path = "NSString+Common.h"; sourceTree = "<group>"; };
		53E519C41B15B74000B85DDD /* NSString+Common.m */ = {isa = PBXFileReference; fileEncoding = 4; lastKnownFileType = sourcecode.c.objc; path = "NSString+Common.m"; sourceTree = "<group>"; };
		53E519C61B1604C700B85DDD /* CustomSearchBar.h */ = {isa = PBXFileReference; fileEncoding = 4; lastKnownFileType = sourcecode.c.h; path = CustomSearchBar.h; sourceTree = "<group>"; };
		53E519C71B1604C700B85DDD /* CustomSearchBar.m */ = {isa = PBXFileReference; fileEncoding = 4; lastKnownFileType = sourcecode.c.objc; path = CustomSearchBar.m; sourceTree = "<group>"; };
		53FAC09C1B21C29C00278C75 /* ic_send_active@2x.png */ = {isa = PBXFileReference; lastKnownFileType = image.png; path = "ic_send_active@2x.png"; sourceTree = "<group>"; };
		53FAC09D1B21C29C00278C75 /* ic_send_active@3x.png */ = {isa = PBXFileReference; lastKnownFileType = image.png; path = "ic_send_active@3x.png"; sourceTree = "<group>"; };
		53FAC09E1B21C29C00278C75 /* ic_send@2x.png */ = {isa = PBXFileReference; lastKnownFileType = image.png; path = "ic_send@2x.png"; sourceTree = "<group>"; };
		53FAC09F1B21C29C00278C75 /* ic_send@3x.png */ = {isa = PBXFileReference; lastKnownFileType = image.png; path = "ic_send@3x.png"; sourceTree = "<group>"; };
		53FAC0A41B21D85E00278C75 /* ChatMessage.h */ = {isa = PBXFileReference; fileEncoding = 4; lastKnownFileType = sourcecode.c.h; path = ChatMessage.h; sourceTree = "<group>"; };
		53FAC0A51B21D85E00278C75 /* ChatMessage.m */ = {isa = PBXFileReference; fileEncoding = 4; lastKnownFileType = sourcecode.c.objc; path = ChatMessage.m; sourceTree = "<group>"; };
/* End PBXFileReference section */

/* Begin PBXFrameworksBuildPhase section */
		5384D5B81B0C9321009B6CD3 /* Frameworks */ = {
			isa = PBXFrameworksBuildPhase;
			buildActionMask = 2147483647;
			files = (
				536FF2BC1B18690000D3561A /* CoreVideo.framework in Frameworks */,
				536FF2BA1B18684800D3561A /* SystemConfiguration.framework in Frameworks */,
				536FF2B81B1867D400D3561A /* QuartzCore.framework in Frameworks */,
				536FF2B61B1867C600D3561A /* Accelerate.framework in Frameworks */,
				536FF2B41B1867BA00D3561A /* CoreMedia.framework in Frameworks */,
				536FF2B21B18679900D3561A /* Security.framework in Frameworks */,
				536FF2B01B18678D00D3561A /* AVFoundation.framework in Frameworks */,
				536FF2AE1B18677F00D3561A /* AudioToolbox.framework in Frameworks */,
				536FF2AC1B18677400D3561A /* CoreData.framework in Frameworks */,
				536FF2AA1B18676600D3561A /* CoreGraphics.framework in Frameworks */,
				536FF2A81B18675400D3561A /* MobileCoreServices.framework in Frameworks */,
				536FF2A61B1866F600D3561A /* CFNetwork.framework in Frameworks */,
				536FF2A41B1865DF00D3561A /* libresolv.dylib in Frameworks */,
				536FF2A21B18655000D3561A /* libz.dylib in Frameworks */,
				536FF2A01B18650A00D3561A /* libxml2.dylib in Frameworks */,
				53E519771B10D60A00B85DDD /* Crashlytics.framework in Frameworks */,
				53E519981B14502700B85DDD /* VKSdk.framework in Frameworks */,
				53E519931B1374CE00B85DDD /* FBSDKCoreKit.framework in Frameworks */,
				53E519951B1377B600B85DDD /* FBSDKLoginKit.framework in Frameworks */,
				53E519761B10D60A00B85DDD /* Fabric.framework in Frameworks */,
				536FF29E1B1858AF00D3561A /* Quickblox.framework in Frameworks */,
			);
			runOnlyForDeploymentPostprocessing = 0;
		};
		5384D5CB1B0C9321009B6CD3 /* Frameworks */ = {
			isa = PBXFrameworksBuildPhase;
			buildActionMask = 2147483647;
			files = (
			);
			runOnlyForDeploymentPostprocessing = 0;
		};
/* End PBXFrameworksBuildPhase section */

/* Begin PBXGroup section */
		5384D5B21B0C9321009B6CD3 = {
			isa = PBXGroup;
			children = (
				5384D5BD1B0C9321009B6CD3 /* SportsApp */,
				5384D5D11B0C9321009B6CD3 /* SportsAppTests */,
				5384D5BC1B0C9321009B6CD3 /* Products */,
			);
			sourceTree = "<group>";
		};
		5384D5BC1B0C9321009B6CD3 /* Products */ = {
			isa = PBXGroup;
			children = (
				5384D5BB1B0C9321009B6CD3 /* SportsApp.app */,
				5384D5CE1B0C9321009B6CD3 /* SportsAppTests.xctest */,
			);
			name = Products;
			sourceTree = "<group>";
		};
		5384D5BD1B0C9321009B6CD3 /* SportsApp */ = {
			isa = PBXGroup;
			children = (
				5390F1621B28965500B02775 /* Network */,
				53E519911B13748500B85DDD /* Frameworks */,
				53B994EB1B0D162400558169 /* Resources */,
				53B994E71B0D0F0800558169 /* Models */,
				53B994E11B0D0BE400558169 /* Views */,
				53B994DA1B0D083200558169 /* Categories */,
				53B994D11B0D060400558169 /* Controllers */,
				5384D5C21B0C9321009B6CD3 /* AppDelegate.h */,
				5384D5C31B0C9321009B6CD3 /* AppDelegate.m */,
				53B994DB1B0D085200558169 /* AppColors.h */,
				531180351B2AED3E0076A7D6 /* Constants.h */,
				5384D5C51B0C9321009B6CD3 /* Images.xcassets */,
				5384D5BE1B0C9321009B6CD3 /* Supporting Files */,
			);
			path = SportsApp;
			sourceTree = "<group>";
		};
		5384D5BE1B0C9321009B6CD3 /* Supporting Files */ = {
			isa = PBXGroup;
			children = (
				5384D5BF1B0C9321009B6CD3 /* Info.plist */,
				5384D5C01B0C9321009B6CD3 /* main.m */,
			);
			name = "Supporting Files";
			sourceTree = "<group>";
		};
		5384D5D11B0C9321009B6CD3 /* SportsAppTests */ = {
			isa = PBXGroup;
			children = (
				5384D5D41B0C9321009B6CD3 /* SportsAppTests.m */,
				5384D5D21B0C9321009B6CD3 /* Supporting Files */,
			);
			path = SportsAppTests;
			sourceTree = "<group>";
		};
		5384D5D21B0C9321009B6CD3 /* Supporting Files */ = {
			isa = PBXGroup;
			children = (
				5384D5D31B0C9321009B6CD3 /* Info.plist */,
			);
			name = "Supporting Files";
			sourceTree = "<group>";
		};
		5390F1621B28965500B02775 /* Network */ = {
			isa = PBXGroup;
			children = (
				5390F1661B2896AA00B02775 /* Reachability.h */,
				5390F1671B2896AA00B02775 /* Reachability.m */,
				5390F1631B28968400B02775 /* ZSNetManager.h */,
				5390F1641B28968400B02775 /* ZSNetManager.m */,
				5390F1741B289DD300B02775 /* AppNetHelper.h */,
				5390F1751B289DD300B02775 /* AppNetHelper.m */,
			);
			name = Network;
			sourceTree = "<group>";
		};
		53B994D11B0D060400558169 /* Controllers */ = {
			isa = PBXGroup;
			children = (
				53B994D21B0D076F00558169 /* GamesListViewController.h */,
				53B994D31B0D076F00558169 /* GamesListViewController.m */,
				53B994D51B0D078900558169 /* LoginViewController.h */,
				53B994D61B0D078900558169 /* LoginViewController.m */,
				53DCC1BA1B0E0A2D002EE36E /* MemberViewController.h */,
				53DCC1BB1B0E0A2D002EE36E /* MemberViewController.m */,
				53E519701B10B92600B85DDD /* MemberSettingViewController.h */,
				53E519711B10B92600B85DDD /* MemberSettingViewController.m */,
				53E519831B12472700B85DDD /* NewEvenViewController.h */,
				53E519841B12472700B85DDD /* NewEvenViewController.m */,
				53E5199A1B14CBCF00B85DDD /* ChatViewController.h */,
				53E5199B1B14CBCF00B85DDD /* ChatViewController.m */,
				53E519BD1B15B0FD00B85DDD /* InviteUserViewController.h */,
				53E519BE1B15B0FD00B85DDD /* InviteUserViewController.m */,
				536FF2BD1B18E44400D3561A /* PlaceSearchViewController.h */,
				536FF2BE1B18E44400D3561A /* PlaceSearchViewController.m */,
			);
			name = Controllers;
			sourceTree = "<group>";
		};
		53B994DA1B0D083200558169 /* Categories */ = {
			isa = PBXGroup;
			children = (
				53E519C31B15B74000B85DDD /* NSString+Common.h */,
				53E519C41B15B74000B85DDD /* NSString+Common.m */,
				53B994DC1B0D086600558169 /* UIColor+Helper.h */,
				53B994DD1B0D086600558169 /* UIColor+Helper.m */,
				53DCC1A01B0DD88D002EE36E /* UINavigationBar+VCenter.h */,
				53DCC1A11B0DD88D002EE36E /* UINavigationBar+VCenter.m */,
				53E519861B1260CE00B85DDD /* NSLayoutConstraint+Helper.h */,
				53E519871B1260CE00B85DDD /* NSLayoutConstraint+Helper.m */,
				53DD7FEF1B1B77060019B5BE /* UIViewController+Navigation.h */,
				53DD7FF01B1B77060019B5BE /* UIViewController+Navigation.m */,
			);
			name = Categories;
			sourceTree = "<group>";
		};
		53B994E11B0D0BE400558169 /* Views */ = {
			isa = PBXGroup;
			children = (
				5390F1771B289EC200B02775 /* MBProgressHUD.h */,
				5390F1781B289EC200B02775 /* MBProgressHUD.m */,
				533A292B1B25853400CB422A /* DDPageControl.h */,
				533A292C1B25853400CB422A /* DDPageControl.m */,
				53B994E21B0D0C3200558169 /* GamesListTableViewCell.h */,
				53B994E31B0D0C3200558169 /* GamesListTableViewCell.m */,
				53E519C61B1604C700B85DDD /* CustomSearchBar.h */,
				53E519C71B1604C700B85DDD /* CustomSearchBar.m */,
				531F70BA1B1710E800C48478 /* CustomButton.h */,
				531F70BB1B1710E800C48478 /* CustomButton.m */,
				534B51421B203B40001FAD9A /* CustomDotPageControl.h */,
				534B51431B203B40001FAD9A /* CustomDotPageControl.m */,
				534B51551B20BCBA001FAD9A /* ChatTableViewCell.h */,
				534B51561B20BCBA001FAD9A /* ChatTableViewCell.m */,
				534B51621B219DCD001FAD9A /* ChatRightTableViewCell.h */,
				534B51631B219DCD001FAD9A /* ChatRightTableViewCell.m */,
			);
			name = Views;
			sourceTree = "<group>";
		};
		53B994E71B0D0F0800558169 /* Models */ = {
			isa = PBXGroup;
			children = (
				53B994E81B0D0F5F00558169 /* GameInfo.h */,
				53B994E91B0D0F5F00558169 /* GameInfo.m */,
				53E5197D1B122BE400B85DDD /* SportInfo.h */,
				53E5197E1B122BE400B85DDD /* SportInfo.m */,
				53E519801B122C7400B85DDD /* SportItemUI.h */,
				53E519811B122C7400B85DDD /* SportItemUI.m */,
				53820F611B17934C00F4EE3B /* MemberInfo.h */,
				53820F621B17934C00F4EE3B /* MemberInfo.m */,
				53FAC0A41B21D85E00278C75 /* ChatMessage.h */,
				53FAC0A51B21D85E00278C75 /* ChatMessage.m */,
				5390F1711B289C3E00B02775 /* NewGame.h */,
				5390F1721B289C3E00B02775 /* NewGame.m */,
				531180321B2AD3A00076A7D6 /* MemberSettings.h */,
				531180331B2AD3A00076A7D6 /* MemberSettings.m */,
			);
			name = Models;
			sourceTree = "<group>";
		};
		53B994EB1B0D162400558169 /* Resources */ = {
			isa = PBXGroup;
			children = (
				53DCC1BD1B0E0DA0002EE36E /* photo@2x.png */,
				53DCC1691B0DB23F002EE36E /* icons */,
			);
			name = Resources;
			sourceTree = "<group>";
		};
		53DCC1691B0DB23F002EE36E /* icons */ = {
			isa = PBXGroup;
			children = (
				5390F16D1B289A3100B02775 /* bg_chat_message_ellipse@2x.png */,
				5390F16E1B289A3100B02775 /* bg_chat_message_ellipse@3x.png */,
				5390F1691B289A1800B02775 /* bg_chat_right_message_ellipse@2x.png */,
				5390F16A1B289A1800B02775 /* bg_chat_right_message_ellipse@3x.png */,
				5390F15E1B28890400B02775 /* ic_avatar@2x.png */,
				5390F15F1B28890400B02775 /* ic_avatar@3x.png */,
				5390F15A1B28454A00B02775 /* bg_chat_right_message@2x.png */,
				5390F15B1B28454A00B02775 /* bg_chat_right_message@3x.png */,
				5390F1501B28452A00B02775 /* bg_chat_message@2x.png */,
				5390F1511B28452A00B02775 /* bg_chat_message@3x.png */,
				533A292E1B258BAD00CB422A /* bg_btn_slide_down_active@2x.png */,
				533A292F1B258BAD00CB422A /* bg_btn_slide_down_active@3x.png */,
				533A29301B258BAD00CB422A /* bg_btn_slide_down@2x.png */,
				533A29311B258BAD00CB422A /* bg_btn_slide_down@3x.png */,
				533A29321B258BAD00CB422A /* bg_btn_slide_up_active@2x.png */,
				533A29331B258BAD00CB422A /* bg_btn_slide_up_active@3x.png */,
				533A29341B258BAD00CB422A /* bg_btn_slide_up@2x.png */,
				533A29351B258BAD00CB422A /* bg_btn_slide_up@3x.png */,
				53FAC09C1B21C29C00278C75 /* ic_send_active@2x.png */,
				53FAC09D1B21C29C00278C75 /* ic_send_active@3x.png */,
				53FAC09E1B21C29C00278C75 /* ic_send@2x.png */,
				53FAC09F1B21C29C00278C75 /* ic_send@3x.png */,
				534B515E1B219A08001FAD9A /* bg_chat@2x.png */,
				534B515F1B219A08001FAD9A /* bg_chat@3x.png */,
				534B51491B204457001FAD9A /* ic_back_arrow@2x.png */,
				534B514A1B204457001FAD9A /* ic_back_arrow@3x.png */,
				534B51451B204446001FAD9A /* ic_plus@2x.png */,
				534B51461B204446001FAD9A /* ic_plus@3x.png */,
				534B51221B20333B001FAD9A /* bg_tbl_cell_gray_line@2x.png */,
				534B51231B20333C001FAD9A /* bg_tbl_cell_gray_line@3x.png */,
				534B51241B20333C001FAD9A /* bg_tbl_cell_gray@2x.png */,
				534B51251B20333C001FAD9A /* bg_tbl_cell_gray@3x.png */,
				534B51261B20333C001FAD9A /* bg_tbl_cell_white_line@2x.png */,
				534B51271B20333C001FAD9A /* bg_tbl_cell_white_line@3x.png */,
				534B51281B20333C001FAD9A /* bg_tbl_cell_white@2x.png */,
				534B51291B20333C001FAD9A /* bg_tbl_cell_white@3x.png */,
				534B512A1B20333C001FAD9A /* bg_tbl_section_blue@2x.png */,
				534B512B1B20333C001FAD9A /* bg_tbl_section_blue@3x.png */,
				534B512C1B20333C001FAD9A /* bg_tbl_section_green@2x.png */,
				534B512D1B20333C001FAD9A /* bg_tbl_section_green@3x.png */,
				534B512E1B20333C001FAD9A /* ic_page_active@2x.png */,
				534B512F1B20333C001FAD9A /* ic_page_active@3x.png */,
				534B51301B20333C001FAD9A /* ic_page@2x.png */,
				534B51311B20333C001FAD9A /* ic_page@3x.png */,
				53E5198D1B131EFF00B85DDD /* bg_btn_fb@3x.png */,
				53E5198E1B131EFF00B85DDD /* bg_btn_vk@3x.png */,
				53E519891B131EED00B85DDD /* bg_btn_fb@2x.png */,
				53E5198A1B131EED00B85DDD /* bg_btn_vk@2x.png */,
				53DCC16A1B0DB266002EE36E /* background@2x.png */,
				53DCC16B1B0DB266002EE36E /* icon_age_active@2x.png */,
				53DCC16C1B0DB266002EE36E /* icon_age@2x.png */,
				53DCC16D1B0DB266002EE36E /* icon_date@2x.png */,
				53DCC16E1B0DB266002EE36E /* icon_exit_active@2x.png */,
				53DCC16F1B0DB266002EE36E /* icon_exit@2x.png */,
				53DCC1701B0DB266002EE36E /* icon_location@2x.png */,
				53DCC1711B0DB266002EE36E /* icon_plus_active@2x.png */,
				53DCC1721B0DB266002EE36E /* icon_plus@2x.png */,
				53DCC1731B0DB266002EE36E /* icon_settings_active@2x.png */,
				53DCC1741B0DB266002EE36E /* icon_settings@2x.png */,
				53DCC1751B0DB266002EE36E /* icon_sport_01_active@2x.png */,
				53DCC1761B0DB266002EE36E /* icon_sport_01@2x.png */,
				53DCC1771B0DB266002EE36E /* icon_sport_02_active@2x.png */,
				53DCC1781B0DB266002EE36E /* icon_sport_02@2x.png */,
				53DCC1791B0DB266002EE36E /* icon_sport_03_active@2x.png */,
				53DCC17A1B0DB266002EE36E /* icon_sport_03@2x.png */,
				53DCC17B1B0DB266002EE36E /* icon_star_active@2x.png */,
				53DCC17C1B0DB266002EE36E /* icon_star_small_active@2x.png */,
				53DCC17D1B0DB266002EE36E /* icon_star_small@2x.png */,
				53DCC17E1B0DB266002EE36E /* icon_star@2x.png */,
				53DCC17F1B0DB266002EE36E /* icon_status_admin@2x.png */,
				53DCC1801B0DB266002EE36E /* icon_status_go@2x.png */,
				53DCC1811B0DB266002EE36E /* icon_status_no@2x.png */,
				53DCC1821B0DB266002EE36E /* icon_status_q@2x.png */,
				53DCC1831B0DB266002EE36E /* icon_time@2x.png */,
				53DCC1841B0DB266002EE36E /* logo@2x.png */,
			);
			name = icons;
			sourceTree = "<group>";
		};
		53E519911B13748500B85DDD /* Frameworks */ = {
			isa = PBXGroup;
			children = (
				536FF2BB1B18690000D3561A /* CoreVideo.framework */,
				536FF2B91B18684800D3561A /* SystemConfiguration.framework */,
				536FF2B71B1867D400D3561A /* QuartzCore.framework */,
				536FF2B51B1867C600D3561A /* Accelerate.framework */,
				536FF2B31B1867BA00D3561A /* CoreMedia.framework */,
				536FF2B11B18679900D3561A /* Security.framework */,
				536FF2AF1B18678D00D3561A /* AVFoundation.framework */,
				536FF2AD1B18677F00D3561A /* AudioToolbox.framework */,
				536FF2AB1B18677400D3561A /* CoreData.framework */,
				536FF2A91B18676600D3561A /* CoreGraphics.framework */,
				536FF2A71B18675400D3561A /* MobileCoreServices.framework */,
				536FF2A51B1866F600D3561A /* CFNetwork.framework */,
				536FF2A31B1865DF00D3561A /* libresolv.dylib */,
				536FF2A11B18655000D3561A /* libz.dylib */,
				536FF29F1B18650A00D3561A /* libxml2.dylib */,
				536FF29D1B1858AF00D3561A /* Quickblox.framework */,
				53E519961B14502700B85DDD /* VKSdk.framework */,
				53E519971B14502700B85DDD /* VKSdkResources.bundle */,
				53E519941B1377B600B85DDD /* FBSDKLoginKit.framework */,
				53E519921B1374CE00B85DDD /* FBSDKCoreKit.framework */,
				53E519741B10D60A00B85DDD /* Fabric.framework */,
				53E519751B10D60A00B85DDD /* Crashlytics.framework */,
			);
			name = Frameworks;
			sourceTree = "<group>";
		};
/* End PBXGroup section */

/* Begin PBXNativeTarget section */
		5384D5BA1B0C9321009B6CD3 /* SportsApp */ = {
			isa = PBXNativeTarget;
			buildConfigurationList = 5384D5D81B0C9321009B6CD3 /* Build configuration list for PBXNativeTarget "SportsApp" */;
			buildPhases = (
				5384D5B71B0C9321009B6CD3 /* Sources */,
				5384D5B81B0C9321009B6CD3 /* Frameworks */,
				5384D5B91B0C9321009B6CD3 /* Resources */,
				53E519731B10D59800B85DDD /* ShellScript */,
			);
			buildRules = (
			);
			dependencies = (
			);
			name = SportsApp;
			productName = SportsApp;
			productReference = 5384D5BB1B0C9321009B6CD3 /* SportsApp.app */;
			productType = "com.apple.product-type.application";
		};
		5384D5CD1B0C9321009B6CD3 /* SportsAppTests */ = {
			isa = PBXNativeTarget;
			buildConfigurationList = 5384D5DB1B0C9321009B6CD3 /* Build configuration list for PBXNativeTarget "SportsAppTests" */;
			buildPhases = (
				5384D5CA1B0C9321009B6CD3 /* Sources */,
				5384D5CB1B0C9321009B6CD3 /* Frameworks */,
				5384D5CC1B0C9321009B6CD3 /* Resources */,
			);
			buildRules = (
			);
			dependencies = (
				5384D5D01B0C9321009B6CD3 /* PBXTargetDependency */,
			);
			name = SportsAppTests;
			productName = SportsAppTests;
			productReference = 5384D5CE1B0C9321009B6CD3 /* SportsAppTests.xctest */;
			productType = "com.apple.product-type.bundle.unit-test";
		};
/* End PBXNativeTarget section */

/* Begin PBXProject section */
		5384D5B31B0C9321009B6CD3 /* Project object */ = {
			isa = PBXProject;
			attributes = {
				LastUpgradeCheck = 0630;
				TargetAttributes = {
					5384D5BA1B0C9321009B6CD3 = {
						CreatedOnToolsVersion = 6.3.2;
					};
					5384D5CD1B0C9321009B6CD3 = {
						CreatedOnToolsVersion = 6.3.2;
						DevelopmentTeam = DR2D9L4NZP;
						TestTargetID = 5384D5BA1B0C9321009B6CD3;
					};
				};
			};
			buildConfigurationList = 5384D5B61B0C9321009B6CD3 /* Build configuration list for PBXProject "SportsApp" */;
			compatibilityVersion = "Xcode 3.2";
			developmentRegion = English;
			hasScannedForEncodings = 0;
			knownRegions = (
				en,
				Base,
			);
			mainGroup = 5384D5B21B0C9321009B6CD3;
			productRefGroup = 5384D5BC1B0C9321009B6CD3 /* Products */;
			projectDirPath = "";
			projectRoot = "";
			targets = (
				5384D5BA1B0C9321009B6CD3 /* SportsApp */,
				5384D5CD1B0C9321009B6CD3 /* SportsAppTests */,
			);
		};
/* End PBXProject section */

/* Begin PBXResourcesBuildPhase section */
		5384D5B91B0C9321009B6CD3 /* Resources */ = {
			isa = PBXResourcesBuildPhase;
			buildActionMask = 2147483647;
			files = (
				5390F1571B28452A00B02775 /* bg_chat_message@3x.png in Resources */,
				534B513B1B20333C001FAD9A /* bg_tbl_section_blue@3x.png in Resources */,
				53DCC1861B0DB266002EE36E /* icon_age_active@2x.png in Resources */,
				53DCC1961B0DB266002EE36E /* icon_star_active@2x.png in Resources */,
				534B51361B20333C001FAD9A /* bg_tbl_cell_white_line@2x.png in Resources */,
				534B513F1B20333C001FAD9A /* ic_page_active@3x.png in Resources */,
				53DCC1911B0DB266002EE36E /* icon_sport_01@2x.png in Resources */,
				5390F1701B289A3100B02775 /* bg_chat_message_ellipse@3x.png in Resources */,
				53DCC19C1B0DB266002EE36E /* icon_status_no@2x.png in Resources */,
				53E5198F1B131EFF00B85DDD /* bg_btn_fb@3x.png in Resources */,
				5390F16F1B289A3100B02775 /* bg_chat_message_ellipse@2x.png in Resources */,
				53DCC1891B0DB266002EE36E /* icon_exit_active@2x.png in Resources */,
				53DCC1901B0DB266002EE36E /* icon_sport_01_active@2x.png in Resources */,
				533A29361B258BAD00CB422A /* bg_btn_slide_down_active@2x.png in Resources */,
				53DCC1BE1B0E0DA0002EE36E /* photo@2x.png in Resources */,
				5390F15C1B28454A00B02775 /* bg_chat_right_message@2x.png in Resources */,
				533A293D1B258BAD00CB422A /* bg_btn_slide_up@3x.png in Resources */,
				533A293B1B258BAD00CB422A /* bg_btn_slide_up_active@3x.png in Resources */,
				5390F16C1B289A1800B02775 /* bg_chat_right_message_ellipse@3x.png in Resources */,
				53DCC18B1B0DB266002EE36E /* icon_location@2x.png in Resources */,
				53DCC18A1B0DB266002EE36E /* icon_exit@2x.png in Resources */,
				534B513A1B20333C001FAD9A /* bg_tbl_section_blue@2x.png in Resources */,
				53FAC0A21B21C29C00278C75 /* ic_send@2x.png in Resources */,
				53DCC19B1B0DB266002EE36E /* icon_status_go@2x.png in Resources */,
				53FAC0A11B21C29C00278C75 /* ic_send_active@3x.png in Resources */,
				534B51341B20333C001FAD9A /* bg_tbl_cell_gray@2x.png in Resources */,
				53E519991B14502700B85DDD /* VKSdkResources.bundle in Resources */,
				534B51321B20333C001FAD9A /* bg_tbl_cell_gray_line@2x.png in Resources */,
				534B514B1B204457001FAD9A /* ic_back_arrow@2x.png in Resources */,
				53DCC19E1B0DB266002EE36E /* icon_time@2x.png in Resources */,
				5390F15D1B28454A00B02775 /* bg_chat_right_message@3x.png in Resources */,
				53DCC19D1B0DB266002EE36E /* icon_status_q@2x.png in Resources */,
				53DCC1991B0DB266002EE36E /* icon_star@2x.png in Resources */,
				53DCC19A1B0DB266002EE36E /* icon_status_admin@2x.png in Resources */,
				533A29371B258BAD00CB422A /* bg_btn_slide_down_active@3x.png in Resources */,
				533A29381B258BAD00CB422A /* bg_btn_slide_down@2x.png in Resources */,
				534B51351B20333C001FAD9A /* bg_tbl_cell_gray@3x.png in Resources */,
				53FAC0A01B21C29C00278C75 /* ic_send_active@2x.png in Resources */,
				53DCC1941B0DB266002EE36E /* icon_sport_03_active@2x.png in Resources */,
				53DCC1881B0DB266002EE36E /* icon_date@2x.png in Resources */,
				534B51371B20333C001FAD9A /* bg_tbl_cell_white_line@3x.png in Resources */,
				534B51401B20333C001FAD9A /* ic_page@2x.png in Resources */,
				5390F1561B28452A00B02775 /* bg_chat_message@2x.png in Resources */,
				53E519901B131EFF00B85DDD /* bg_btn_vk@3x.png in Resources */,
				533A293A1B258BAD00CB422A /* bg_btn_slide_up_active@2x.png in Resources */,
				534B51381B20333C001FAD9A /* bg_tbl_cell_white@2x.png in Resources */,
				53DCC1931B0DB266002EE36E /* icon_sport_02@2x.png in Resources */,
				53E5198B1B131EED00B85DDD /* bg_btn_fb@2x.png in Resources */,
				5390F16B1B289A1800B02775 /* bg_chat_right_message_ellipse@2x.png in Resources */,
				53DCC1971B0DB266002EE36E /* icon_star_small_active@2x.png in Resources */,
				53DCC18C1B0DB266002EE36E /* icon_plus_active@2x.png in Resources */,
				53DCC1981B0DB266002EE36E /* icon_star_small@2x.png in Resources */,
				534B513D1B20333C001FAD9A /* bg_tbl_section_green@3x.png in Resources */,
				5390F1611B28890400B02775 /* ic_avatar@3x.png in Resources */,
				5390F1601B28890400B02775 /* ic_avatar@2x.png in Resources */,
				534B513C1B20333C001FAD9A /* bg_tbl_section_green@2x.png in Resources */,
				534B513E1B20333C001FAD9A /* ic_page_active@2x.png in Resources */,
				53DCC1851B0DB266002EE36E /* background@2x.png in Resources */,
				53DCC18E1B0DB266002EE36E /* icon_settings_active@2x.png in Resources */,
				534B514C1B204457001FAD9A /* ic_back_arrow@3x.png in Resources */,
				53DCC18F1B0DB266002EE36E /* icon_settings@2x.png in Resources */,
				53E5198C1B131EED00B85DDD /* bg_btn_vk@2x.png in Resources */,
				533A293C1B258BAD00CB422A /* bg_btn_slide_up@2x.png in Resources */,
				534B51391B20333C001FAD9A /* bg_tbl_cell_white@3x.png in Resources */,
				534B51601B219A08001FAD9A /* bg_chat@2x.png in Resources */,
				53DCC18D1B0DB266002EE36E /* icon_plus@2x.png in Resources */,
				534B51611B219A08001FAD9A /* bg_chat@3x.png in Resources */,
				53DCC19F1B0DB266002EE36E /* logo@2x.png in Resources */,
				5384D5C61B0C9321009B6CD3 /* Images.xcassets in Resources */,
				534B51471B204446001FAD9A /* ic_plus@2x.png in Resources */,
				534B51331B20333C001FAD9A /* bg_tbl_cell_gray_line@3x.png in Resources */,
				534B51411B20333C001FAD9A /* ic_page@3x.png in Resources */,
				53FAC0A31B21C29C00278C75 /* ic_send@3x.png in Resources */,
				53DCC1921B0DB266002EE36E /* icon_sport_02_active@2x.png in Resources */,
				53DCC1871B0DB266002EE36E /* icon_age@2x.png in Resources */,
				53DCC1951B0DB266002EE36E /* icon_sport_03@2x.png in Resources */,
				534B51481B204446001FAD9A /* ic_plus@3x.png in Resources */,
				533A29391B258BAD00CB422A /* bg_btn_slide_down@3x.png in Resources */,
			);
			runOnlyForDeploymentPostprocessing = 0;
		};
		5384D5CC1B0C9321009B6CD3 /* Resources */ = {
			isa = PBXResourcesBuildPhase;
			buildActionMask = 2147483647;
			files = (
			);
			runOnlyForDeploymentPostprocessing = 0;
		};
/* End PBXResourcesBuildPhase section */

/* Begin PBXShellScriptBuildPhase section */
		53E519731B10D59800B85DDD /* ShellScript */ = {
			isa = PBXShellScriptBuildPhase;
			buildActionMask = 2147483647;
			files = (
			);
			inputPaths = (
			);
			outputPaths = (
			);
			runOnlyForDeploymentPostprocessing = 0;
			shellPath = /bin/sh;
			shellScript = "./Fabric.framework/run b8f2ec0b611520733d130150acfb119773dc624c 596fb94be31badf652d5e88a416926d6473d220a3be5412bfca0cd88e44f6718";
		};
/* End PBXShellScriptBuildPhase section */

/* Begin PBXSourcesBuildPhase section */
		5384D5B71B0C9321009B6CD3 /* Sources */ = {
			isa = PBXSourcesBuildPhase;
			buildActionMask = 2147483647;
			files = (
				53B994D71B0D078900558169 /* LoginViewController.m in Sources */,
				53DCC1A21B0DD88D002EE36E /* UINavigationBar+VCenter.m in Sources */,
				53DD7FF11B1B77060019B5BE /* UIViewController+Navigation.m in Sources */,
				53FAC0A61B21D85E00278C75 /* ChatMessage.m in Sources */,
				53E519BF1B15B0FD00B85DDD /* InviteUserViewController.m in Sources */,
				531F70BC1B1710E800C48478 /* CustomButton.m in Sources */,
				53E5199C1B14CBCF00B85DDD /* ChatViewController.m in Sources */,
				53B994E51B0D0C3200558169 /* GamesListTableViewCell.m in Sources */,
				533A292D1B25853400CB422A /* DDPageControl.m in Sources */,
				53DCC1BC1B0E0A2D002EE36E /* MemberViewController.m in Sources */,
				5390F1761B289DD300B02775 /* AppNetHelper.m in Sources */,
				53820F631B17934C00F4EE3B /* MemberInfo.m in Sources */,
				53E519721B10B92600B85DDD /* MemberSettingViewController.m in Sources */,
				53B994EA1B0D0F5F00558169 /* GameInfo.m in Sources */,
				53B994DE1B0D086600558169 /* UIColor+Helper.m in Sources */,
				5390F1791B289EC200B02775 /* MBProgressHUD.m in Sources */,
				5384D5C41B0C9321009B6CD3 /* AppDelegate.m in Sources */,
				53E519C81B1604C700B85DDD /* CustomSearchBar.m in Sources */,
				534B51441B203B40001FAD9A /* CustomDotPageControl.m in Sources */,
				5384D5C11B0C9321009B6CD3 /* main.m in Sources */,
				53E5197F1B122BE400B85DDD /* SportInfo.m in Sources */,
				534B51571B20BCBA001FAD9A /* ChatTableViewCell.m in Sources */,
				5390F1651B28968400B02775 /* ZSNetManager.m in Sources */,
				53E519821B122C7400B85DDD /* SportItemUI.m in Sources */,
				5390F1731B289C3E00B02775 /* NewGame.m in Sources */,
				53E519851B12472700B85DDD /* NewEvenViewController.m in Sources */,
				53E519881B1260CE00B85DDD /* NSLayoutConstraint+Helper.m in Sources */,
				5390F1681B2896AA00B02775 /* Reachability.m in Sources */,
				534B51641B219DCD001FAD9A /* ChatRightTableViewCell.m in Sources */,
				53E519C51B15B74000B85DDD /* NSString+Common.m in Sources */,
				531180341B2AD3A00076A7D6 /* MemberSettings.m in Sources */,
				536FF2BF1B18E44400D3561A /* PlaceSearchViewController.m in Sources */,
				53B994D41B0D076F00558169 /* GamesListViewController.m in Sources */,
			);
			runOnlyForDeploymentPostprocessing = 0;
		};
		5384D5CA1B0C9321009B6CD3 /* Sources */ = {
			isa = PBXSourcesBuildPhase;
			buildActionMask = 2147483647;
			files = (
				5384D5D51B0C9321009B6CD3 /* SportsAppTests.m in Sources */,
			);
			runOnlyForDeploymentPostprocessing = 0;
		};
/* End PBXSourcesBuildPhase section */

/* Begin PBXTargetDependency section */
		5384D5D01B0C9321009B6CD3 /* PBXTargetDependency */ = {
			isa = PBXTargetDependency;
			target = 5384D5BA1B0C9321009B6CD3 /* SportsApp */;
			targetProxy = 5384D5CF1B0C9321009B6CD3 /* PBXContainerItemProxy */;
		};
/* End PBXTargetDependency section */

/* Begin XCBuildConfiguration section */
		5384D5D61B0C9321009B6CD3 /* Debug */ = {
			isa = XCBuildConfiguration;
			buildSettings = {
				ALWAYS_SEARCH_USER_PATHS = NO;
				CLANG_CXX_LANGUAGE_STANDARD = "gnu++0x";
				CLANG_CXX_LIBRARY = "libc++";
				CLANG_ENABLE_MODULES = YES;
				CLANG_ENABLE_OBJC_ARC = YES;
				CLANG_WARN_BOOL_CONVERSION = YES;
				CLANG_WARN_CONSTANT_CONVERSION = YES;
				CLANG_WARN_DIRECT_OBJC_ISA_USAGE = YES_ERROR;
				CLANG_WARN_EMPTY_BODY = YES;
				CLANG_WARN_ENUM_CONVERSION = YES;
				CLANG_WARN_INT_CONVERSION = YES;
				CLANG_WARN_OBJC_ROOT_CLASS = YES_ERROR;
				CLANG_WARN_UNREACHABLE_CODE = YES;
				CLANG_WARN__DUPLICATE_METHOD_MATCH = YES;
				CODE_SIGN_IDENTITY = "iPhone Developer";
				"CODE_SIGN_IDENTITY[sdk=iphoneos*]" = "iPhone Developer";
				COPY_PHASE_STRIP = NO;
				DEBUG_INFORMATION_FORMAT = "dwarf-with-dsym";
				ENABLE_STRICT_OBJC_MSGSEND = YES;
				GCC_C_LANGUAGE_STANDARD = gnu99;
				GCC_DYNAMIC_NO_PIC = NO;
				GCC_NO_COMMON_BLOCKS = YES;
				GCC_OPTIMIZATION_LEVEL = 0;
				GCC_PREPROCESSOR_DEFINITIONS = (
					"DEBUG=1",
					"$(inherited)",
				);
				GCC_SYMBOLS_PRIVATE_EXTERN = NO;
				GCC_WARN_64_TO_32_BIT_CONVERSION = YES;
				GCC_WARN_ABOUT_RETURN_TYPE = YES_ERROR;
				GCC_WARN_UNDECLARED_SELECTOR = YES;
				GCC_WARN_UNINITIALIZED_AUTOS = YES_AGGRESSIVE;
				GCC_WARN_UNUSED_FUNCTION = YES;
				GCC_WARN_UNUSED_VARIABLE = YES;
				IPHONEOS_DEPLOYMENT_TARGET = 8.3;
				MTL_ENABLE_DEBUG_INFO = YES;
				ONLY_ACTIVE_ARCH = YES;
				PROVISIONING_PROFILE = "";
				SDKROOT = iphoneos;
			};
			name = Debug;
		};
		5384D5D71B0C9321009B6CD3 /* Release */ = {
			isa = XCBuildConfiguration;
			buildSettings = {
				ALWAYS_SEARCH_USER_PATHS = NO;
				CLANG_CXX_LANGUAGE_STANDARD = "gnu++0x";
				CLANG_CXX_LIBRARY = "libc++";
				CLANG_ENABLE_MODULES = YES;
				CLANG_ENABLE_OBJC_ARC = YES;
				CLANG_WARN_BOOL_CONVERSION = YES;
				CLANG_WARN_CONSTANT_CONVERSION = YES;
				CLANG_WARN_DIRECT_OBJC_ISA_USAGE = YES_ERROR;
				CLANG_WARN_EMPTY_BODY = YES;
				CLANG_WARN_ENUM_CONVERSION = YES;
				CLANG_WARN_INT_CONVERSION = YES;
				CLANG_WARN_OBJC_ROOT_CLASS = YES_ERROR;
				CLANG_WARN_UNREACHABLE_CODE = YES;
				CLANG_WARN__DUPLICATE_METHOD_MATCH = YES;
				CODE_SIGN_IDENTITY = "iPhone Distribution: Siarhei Zakharanka (DR2D9L4NZP)";
				"CODE_SIGN_IDENTITY[sdk=iphoneos*]" = "iPhone Distribution: Siarhei Zakharanka (DR2D9L4NZP)";
				COPY_PHASE_STRIP = NO;
				DEBUG_INFORMATION_FORMAT = "dwarf-with-dsym";
				ENABLE_NS_ASSERTIONS = NO;
				ENABLE_STRICT_OBJC_MSGSEND = YES;
				GCC_C_LANGUAGE_STANDARD = gnu99;
				GCC_NO_COMMON_BLOCKS = YES;
				GCC_WARN_64_TO_32_BIT_CONVERSION = YES;
				GCC_WARN_ABOUT_RETURN_TYPE = YES_ERROR;
				GCC_WARN_UNDECLARED_SELECTOR = YES;
				GCC_WARN_UNINITIALIZED_AUTOS = YES_AGGRESSIVE;
				GCC_WARN_UNUSED_FUNCTION = YES;
				GCC_WARN_UNUSED_VARIABLE = YES;
				IPHONEOS_DEPLOYMENT_TARGET = 8.3;
				MTL_ENABLE_DEBUG_INFO = NO;
				PROVISIONING_PROFILE = "e29d9a2c-85da-44b7-8844-a9834c775d80";
				SDKROOT = iphoneos;
				VALIDATE_PRODUCT = YES;
			};
			name = Release;
		};
		5384D5D91B0C9321009B6CD3 /* Debug */ = {
			isa = XCBuildConfiguration;
			buildSettings = {
				ASSETCATALOG_COMPILER_APPICON_NAME = AppIcon;
				CODE_SIGN_IDENTITY = "iPhone Developer";
				"CODE_SIGN_IDENTITY[sdk=iphoneos*]" = "iPhone Developer";
				FRAMEWORK_SEARCH_PATHS = (
					"$(inherited)",
					"$(PROJECT_DIR)/SportsApp",
				);
				"HEADER_SEARCH_PATHS[arch=*]" = (
					"$(inherited)",
					/Applications/Xcode.app/Contents/Developer/Toolchains/XcodeDefault.xctoolchain/usr/include,
					/usr/include/libxml2,
				);
				INFOPLIST_FILE = SportsApp/Info.plist;
				LD_RUNPATH_SEARCH_PATHS = "$(inherited) @executable_path/Frameworks";
				OTHER_LDFLAGS = (
					"-lxml2",
					"-ObjC",
					"-lstdc++",
				);
				PRODUCT_NAME = "$(TARGET_NAME)";
				PROVISIONING_PROFILE = "";
			};
			name = Debug;
		};
		5384D5DA1B0C9321009B6CD3 /* Release */ = {
			isa = XCBuildConfiguration;
			buildSettings = {
				ASSETCATALOG_COMPILER_APPICON_NAME = AppIcon;
				CODE_SIGN_IDENTITY = "iPhone Distribution: Siarhei Zakharanka (DR2D9L4NZP)";
				"CODE_SIGN_IDENTITY[sdk=iphoneos*]" = "iPhone Distribution: Siarhei Zakharanka (DR2D9L4NZP)";
				FRAMEWORK_SEARCH_PATHS = (
					"$(inherited)",
					"$(PROJECT_DIR)/SportsApp",
				);
				"HEADER_SEARCH_PATHS[arch=*]" = (
					"$(inherited)",
					/Applications/Xcode.app/Contents/Developer/Toolchains/XcodeDefault.xctoolchain/usr/include,
					/usr/include/libxml2,
				);
				INFOPLIST_FILE = SportsApp/Info.plist;
				LD_RUNPATH_SEARCH_PATHS = "$(inherited) @executable_path/Frameworks";
				OTHER_LDFLAGS = (
					"-lxml2",
					"-ObjC",
					"-lstdc++",
				);
				PRODUCT_NAME = "$(TARGET_NAME)";
				PROVISIONING_PROFILE = "e29d9a2c-85da-44b7-8844-a9834c775d80";
			};
			name = Release;
		};
		5384D5DC1B0C9321009B6CD3 /* Debug */ = {
			isa = XCBuildConfiguration;
			buildSettings = {
				BUNDLE_LOADER = "$(TEST_HOST)";
				CODE_SIGN_IDENTITY = "iPhone Developer";
				"CODE_SIGN_IDENTITY[sdk=iphoneos*]" = "iPhone Developer";
				FRAMEWORK_SEARCH_PATHS = (
					"$(SDKROOT)/Developer/Library/Frameworks",
					"$(inherited)",
				);
				GCC_PREPROCESSOR_DEFINITIONS = (
					"DEBUG=1",
					"$(inherited)",
				);
				INFOPLIST_FILE = SportsAppTests/Info.plist;
				LD_RUNPATH_SEARCH_PATHS = "$(inherited) @executable_path/Frameworks @loader_path/Frameworks";
				PRODUCT_NAME = "$(TARGET_NAME)";
				PROVISIONING_PROFILE = "";
				TEST_HOST = "$(BUILT_PRODUCTS_DIR)/SportsApp.app/SportsApp";
			};
			name = Debug;
		};
		5384D5DD1B0C9321009B6CD3 /* Release */ = {
			isa = XCBuildConfiguration;
			buildSettings = {
				BUNDLE_LOADER = "$(TEST_HOST)";
				CODE_SIGN_IDENTITY = "iPhone Developer";
				"CODE_SIGN_IDENTITY[sdk=iphoneos*]" = "iPhone Developer";
				FRAMEWORK_SEARCH_PATHS = (
					"$(SDKROOT)/Developer/Library/Frameworks",
					"$(inherited)",
				);
				INFOPLIST_FILE = SportsAppTests/Info.plist;
				LD_RUNPATH_SEARCH_PATHS = "$(inherited) @executable_path/Frameworks @loader_path/Frameworks";
				PRODUCT_NAME = "$(TARGET_NAME)";
				PROVISIONING_PROFILE = "";
				TEST_HOST = "$(BUILT_PRODUCTS_DIR)/SportsApp.app/SportsApp";
			};
			name = Release;
		};
/* End XCBuildConfiguration section */

/* Begin XCConfigurationList section */
		5384D5B61B0C9321009B6CD3 /* Build configuration list for PBXProject "SportsApp" */ = {
			isa = XCConfigurationList;
			buildConfigurations = (
				5384D5D61B0C9321009B6CD3 /* Debug */,
				5384D5D71B0C9321009B6CD3 /* Release */,
			);
			defaultConfigurationIsVisible = 0;
			defaultConfigurationName = Release;
		};
		5384D5D81B0C9321009B6CD3 /* Build configuration list for PBXNativeTarget "SportsApp" */ = {
			isa = XCConfigurationList;
			buildConfigurations = (
				5384D5D91B0C9321009B6CD3 /* Debug */,
				5384D5DA1B0C9321009B6CD3 /* Release */,
			);
			defaultConfigurationIsVisible = 0;
			defaultConfigurationName = Release;
		};
		5384D5DB1B0C9321009B6CD3 /* Build configuration list for PBXNativeTarget "SportsAppTests" */ = {
			isa = XCConfigurationList;
			buildConfigurations = (
				5384D5DC1B0C9321009B6CD3 /* Debug */,
				5384D5DD1B0C9321009B6CD3 /* Release */,
			);
			defaultConfigurationIsVisible = 0;
			defaultConfigurationName = Release;
		};
/* End XCConfigurationList section */
	};
	rootObject = 5384D5B31B0C9321009B6CD3 /* Project object */;
}
